// !$*UTF8*$!
{
	archiveVersion = 1;
	classes = {
	};
	objectVersion = 77;
	objects = {

/* Begin PBXBuildFile section */
		8E13E1CD2E7A00E700E5CA1F /* TextureView.swift in Sources */ = {isa = PBXBuildFile; fileRef = 8E13E1CC2E7A00E700E5CA1F /* TextureView.swift */; };
		8E2E5EE42EF853F000B91347 /* AppCoordinator.swift in Sources */ = {isa = PBXBuildFile; fileRef = 8E2E5EE32EF853F000B91347 /* AppCoordinator.swift */; };
		8E2E5EE72EF8546000B91347 /* PlantDetailView.swift in Sources */ = {isa = PBXBuildFile; fileRef = 8E2E5EE62EF8546000B91347 /* PlantDetailView.swift */; };
		8E7240C62EE23D0700D08CE7 /* TextureOverlay.swift in Sources */ = {isa = PBXBuildFile; fileRef = 8E7240C52EE23D0700D08CE7 /* TextureOverlay.swift */; };
		8E7240C82EE23D3100D08CE7 /* View + Modifiers.swift in Sources */ = {isa = PBXBuildFile; fileRef = 8E7240C72EE23D3100D08CE7 /* View + Modifiers.swift */; };
		8E7240CC2EE265E800D08CE7 /* RainEffectModifier.swift in Sources */ = {isa = PBXBuildFile; fileRef = 8E7240CB2EE265E800D08CE7 /* RainEffectModifier.swift */; };
		8E75DE102E5A2EC50004C3D3 /* ProgressScreen.swift in Sources */ = {isa = PBXBuildFile; fileRef = 8E75DE0F2E5A2EC50004C3D3 /* ProgressScreen.swift */; };
		8E75DE122E5A2EE60004C3D3 /* ProgressScreenLocalStore.swift in Sources */ = {isa = PBXBuildFile; fileRef = 8E75DE112E5A2EE50004C3D3 /* ProgressScreenLocalStore.swift */; };
		8E75DE142E5A306C0004C3D3 /* TimerView.swift in Sources */ = {isa = PBXBuildFile; fileRef = 8E75DE132E5A306C0004C3D3 /* TimerView.swift */; };
		8E75DE162E5A351B0004C3D3 /* ProgressView.swift in Sources */ = {isa = PBXBuildFile; fileRef = 8E75DE152E5A351B0004C3D3 /* ProgressView.swift */; };
		8E75DE182E5A3BEE0004C3D3 /* PlantPreview.swift in Sources */ = {isa = PBXBuildFile; fileRef = 8E75DE172E5A3BEE0004C3D3 /* PlantPreview.swift */; };
		8E7A7FE22EDF959400575A81 /* DrawText.swift in Sources */ = {isa = PBXBuildFile; fileRef = 8E7A7FE12EDF959400575A81 /* DrawText.swift */; };
		8EA1C9BA2EFC546600DF690F /* RarityView.swift in Sources */ = {isa = PBXBuildFile; fileRef = 8EA1C9B92EFC546600DF690F /* RarityView.swift */; };
		8EAF67C52EF33AB500780BB9 /* RoomFeatureStore.swift in Sources */ = {isa = PBXBuildFile; fileRef = 8EAF67C42EF33AB500780BB9 /* RoomFeatureStore.swift */; };
		8EAF67C72EF33AC100780BB9 /* FeatureStore.swift in Sources */ = {isa = PBXBuildFile; fileRef = 8EAF67C62EF33AC100780BB9 /* FeatureStore.swift */; };
		8EAF67CB2EF3520200780BB9 /* AppActions.swift in Sources */ = {isa = PBXBuildFile; fileRef = 8EAF67CA2EF3520200780BB9 /* AppActions.swift */; };
		8EAF67CE2EF3529000780BB9 /* RoomFeatureAction.swift in Sources */ = {isa = PBXBuildFile; fileRef = 8EAF67CD2EF3529000780BB9 /* RoomFeatureAction.swift */; };
		8EAF67D02EF352C700780BB9 /* PlantViewState.swift in Sources */ = {isa = PBXBuildFile; fileRef = 8EAF67CF2EF352C700780BB9 /* PlantViewState.swift */; };
		8EAF67D22EF352E300780BB9 /* RoomViewState.swift in Sources */ = {isa = PBXBuildFile; fileRef = 8EAF67D12EF352E300780BB9 /* RoomViewState.swift */; };
		8EAF68042EF4704600780BB9 /* HomeScreenState.swift in Sources */ = {isa = PBXBuildFile; fileRef = 8EAF68032EF4704600780BB9 /* HomeScreenState.swift */; };
		8EAF68062EF471E300780BB9 /* HomeScreenAction.swift in Sources */ = {isa = PBXBuildFile; fileRef = 8EAF68052EF471E300780BB9 /* HomeScreenAction.swift */; };
		8EAF68082EF4800300780BB9 /* Int + extension.swift in Sources */ = {isa = PBXBuildFile; fileRef = 8EAF68072EF4800300780BB9 /* Int + extension.swift */; };
		8EBF147A2DE657A700422876 /* Font +.swift in Sources */ = {isa = PBXBuildFile; fileRef = 8EBF14792DE657A700422876 /* Font +.swift */; };
		8EBF147C2DE667A100422876 /* LoveYaLikeASister-Regular.ttf in Resources */ = {isa = PBXBuildFile; fileRef = 8EBF147B2DE667A100422876 /* LoveYaLikeASister-Regular.ttf */; };
		8EBF147E2DE667F900422876 /* SedgwickAve-Regular.ttf in Resources */ = {isa = PBXBuildFile; fileRef = 8EBF147D2DE667F900422876 /* SedgwickAve-Regular.ttf */; };
		8EBF14812DE6689E00422876 /* K2D-MediumItalic.ttf in Resources */ = {isa = PBXBuildFile; fileRef = 8EBF14802DE6689E00422876 /* K2D-MediumItalic.ttf */; };
		8EBF14822DE6689E00422876 /* K2D-ExtraLightItalic.ttf in Resources */ = {isa = PBXBuildFile; fileRef = 8EBF147F2DE6689E00422876 /* K2D-ExtraLightItalic.ttf */; };
		8EC86DF72E06208600AA6AFA /* PlantView.swift in Sources */ = {isa = PBXBuildFile; fileRef = 8EC86DF62E06208600AA6AFA /* PlantView.swift */; };
		8EC86E052E06215C00AA6AFA /* Vibration.swift in Sources */ = {isa = PBXBuildFile; fileRef = 8EC86E042E06215C00AA6AFA /* Vibration.swift */; };
		8EC86E072E0628E400AA6AFA /* DustView.swift in Sources */ = {isa = PBXBuildFile; fileRef = 8EC86E062E0628E400AA6AFA /* DustView.swift */; };
		8EC86E152E06C75400AA6AFA /* RoomType.swift in Sources */ = {isa = PBXBuildFile; fileRef = 8EC86E142E06C75400AA6AFA /* RoomType.swift */; };
		8EC86E192E06C9E800AA6AFA /* ShelfType.swift in Sources */ = {isa = PBXBuildFile; fileRef = 8EC86E182E06C9E800AA6AFA /* ShelfType.swift */; };
		8EC86E272E06D01B00AA6AFA /* HomeScreenStore.swift in Sources */ = {isa = PBXBuildFile; fileRef = 8EC86E262E06D01B00AA6AFA /* HomeScreenStore.swift */; };
		8EC86E2D2E06D97B00AA6AFA /* Collection + extension.swift in Sources */ = {isa = PBXBuildFile; fileRef = 8EC86E2C2E06D97B00AA6AFA /* Collection + extension.swift */; };
		8EC86E2F2E06E38600AA6AFA /* View + extension.swift in Sources */ = {isa = PBXBuildFile; fileRef = 8EC86E2E2E06E38600AA6AFA /* View + extension.swift */; };
		8EC86E312E06E81F00AA6AFA /* EditRoomScreen.swift in Sources */ = {isa = PBXBuildFile; fileRef = 8EC86E302E06E81F00AA6AFA /* EditRoomScreen.swift */; };
		8EC86F082E0F3A6000AA6AFA /* FlatShadow.swift in Sources */ = {isa = PBXBuildFile; fileRef = 8EC86F072E0F3A6000AA6AFA /* FlatShadow.swift */; };
		8EC86F512E18442000AA6AFA /* LoopingFramesView.swift in Sources */ = {isa = PBXBuildFile; fileRef = 8EC86F502E18442000AA6AFA /* LoopingFramesView.swift */; };
		8EC86F532E18547600AA6AFA /* Color + extension.swift in Sources */ = {isa = PBXBuildFile; fileRef = 8EC86F522E18547600AA6AFA /* Color + extension.swift */; };
		8EE4C5A02E7A10A000818D95 /* EdgeInsets + extension.swift in Sources */ = {isa = PBXBuildFile; fileRef = 8EE4C59F2E7A10A000818D95 /* EdgeInsets + extension.swift */; };
		8EE4C5A22E7A126600818D95 /* TextureButton.swift in Sources */ = {isa = PBXBuildFile; fileRef = 8EE4C5A12E7A126600818D95 /* TextureButton.swift */; };
		8EEB2E892E7B54CF00D0F736 /* TagView.swift in Sources */ = {isa = PBXBuildFile; fileRef = 8EEB2E882E7B54CF00D0F736 /* TagView.swift */; };
		8EF5754B2DCE3F3A00AEC31A /* TimeToSowApp.swift in Sources */ = {isa = PBXBuildFile; fileRef = 8EF5753A2DCE3F3A00AEC31A /* TimeToSowApp.swift */; };
		8EF5754C2DCE3F3A00AEC31A /* UserMonthRoom.swift in Sources */ = {isa = PBXBuildFile; fileRef = 8EF5753D2DCE3F3A00AEC31A /* UserMonthRoom.swift */; };
		8EF5754D2DCE3F3A00AEC31A /* HomeScreen.swift in Sources */ = {isa = PBXBuildFile; fileRef = 8EF575432DCE3F3A00AEC31A /* HomeScreen.swift */; };
		8EF5754E2DCE3F3A00AEC31A /* AppStore.swift in Sources */ = {isa = PBXBuildFile; fileRef = 8EF575452DCE3F3A00AEC31A /* AppStore.swift */; };
		8EF575502DCE3F3A00AEC31A /* ScreenBuilder.swift in Sources */ = {isa = PBXBuildFile; fileRef = 8EF575482DCE3F3A00AEC31A /* ScreenBuilder.swift */; };
		8EF575512DCE3F3A00AEC31A /* Preview Assets.xcassets in Resources */ = {isa = PBXBuildFile; fileRef = 8EF5753F2DCE3F3A00AEC31A /* Preview Assets.xcassets */; };
		8EF575522DCE3F3A00AEC31A /* Assets.xcassets in Resources */ = {isa = PBXBuildFile; fileRef = 8EF575412DCE3F3A00AEC31A /* Assets.xcassets */; };
		8EF575612DCE432300AEC31A /* Plant.swift in Sources */ = {isa = PBXBuildFile; fileRef = 8EF575602DCE432300AEC31A /* Plant.swift */; };
		8EF575632DCE433900AEC31A /* Pot.swift in Sources */ = {isa = PBXBuildFile; fileRef = 8EF575622DCE433900AEC31A /* Pot.swift */; };
		8EF575652DCE434B00AEC31A /* Seed.swift in Sources */ = {isa = PBXBuildFile; fileRef = 8EF575642DCE434B00AEC31A /* Seed.swift */; };
		8EF575672DCE435800AEC31A /* Tag.swift in Sources */ = {isa = PBXBuildFile; fileRef = 8EF575662DCE435800AEC31A /* Tag.swift */; };
		8EF575692DCE49D600AEC31A /* EnvironmentValues.swift in Sources */ = {isa = PBXBuildFile; fileRef = 8EF575682DCE49D600AEC31A /* EnvironmentValues.swift */; };
		8EF5756D2DCE4E8700AEC31A /* RoomView.swift in Sources */ = {isa = PBXBuildFile; fileRef = 8EF5756C2DCE4E8700AEC31A /* RoomView.swift */; };
		8EF575892DDA00E200AEC31A /* TimePickerView.swift in Sources */ = {isa = PBXBuildFile; fileRef = 8EF575882DDA00E200AEC31A /* TimePickerView.swift */; };
		8EF5758B2DDA125A00AEC31A /* StrokeText.swift in Sources */ = {isa = PBXBuildFile; fileRef = 8EF5758A2DDA125A00AEC31A /* StrokeText.swift */; };
		8EF5758D2DDA256800AEC31A /* SelectPickerView.swift in Sources */ = {isa = PBXBuildFile; fileRef = 8EF5758C2DDA256800AEC31A /* SelectPickerView.swift */; };
/* End PBXBuildFile section */

/* Begin PBXFileReference section */
		8E13E1CC2E7A00E700E5CA1F /* TextureView.swift */ = {isa = PBXFileReference; lastKnownFileType = sourcecode.swift; path = TextureView.swift; sourceTree = "<group>"; };
		8E2E5EE32EF853F000B91347 /* AppCoordinator.swift */ = {isa = PBXFileReference; lastKnownFileType = sourcecode.swift; path = AppCoordinator.swift; sourceTree = "<group>"; };
		8E2E5EE62EF8546000B91347 /* PlantDetailView.swift */ = {isa = PBXFileReference; lastKnownFileType = sourcecode.swift; path = PlantDetailView.swift; sourceTree = "<group>"; };
		8E7240C52EE23D0700D08CE7 /* TextureOverlay.swift */ = {isa = PBXFileReference; lastKnownFileType = sourcecode.swift; path = TextureOverlay.swift; sourceTree = "<group>"; };
		8E7240C72EE23D3100D08CE7 /* View + Modifiers.swift */ = {isa = PBXFileReference; lastKnownFileType = sourcecode.swift; path = "View + Modifiers.swift"; sourceTree = "<group>"; };
		8E7240CB2EE265E800D08CE7 /* RainEffectModifier.swift */ = {isa = PBXFileReference; lastKnownFileType = sourcecode.swift; path = RainEffectModifier.swift; sourceTree = "<group>"; };
		8E75DE0F2E5A2EC50004C3D3 /* ProgressScreen.swift */ = {isa = PBXFileReference; lastKnownFileType = sourcecode.swift; path = ProgressScreen.swift; sourceTree = "<group>"; };
		8E75DE112E5A2EE50004C3D3 /* ProgressScreenLocalStore.swift */ = {isa = PBXFileReference; lastKnownFileType = sourcecode.swift; path = ProgressScreenLocalStore.swift; sourceTree = "<group>"; };
		8E75DE132E5A306C0004C3D3 /* TimerView.swift */ = {isa = PBXFileReference; lastKnownFileType = sourcecode.swift; path = TimerView.swift; sourceTree = "<group>"; };
		8E75DE152E5A351B0004C3D3 /* ProgressView.swift */ = {isa = PBXFileReference; lastKnownFileType = sourcecode.swift; path = ProgressView.swift; sourceTree = "<group>"; };
		8E75DE172E5A3BEE0004C3D3 /* PlantPreview.swift */ = {isa = PBXFileReference; lastKnownFileType = sourcecode.swift; path = PlantPreview.swift; sourceTree = "<group>"; };
		8E7A7FE12EDF959400575A81 /* DrawText.swift */ = {isa = PBXFileReference; lastKnownFileType = sourcecode.swift; path = DrawText.swift; sourceTree = "<group>"; };
		8EA1C9B92EFC546600DF690F /* RarityView.swift */ = {isa = PBXFileReference; lastKnownFileType = sourcecode.swift; path = RarityView.swift; sourceTree = "<group>"; };
		8EAF67C42EF33AB500780BB9 /* RoomFeatureStore.swift */ = {isa = PBXFileReference; lastKnownFileType = sourcecode.swift; path = RoomFeatureStore.swift; sourceTree = "<group>"; };
		8EAF67C62EF33AC100780BB9 /* FeatureStore.swift */ = {isa = PBXFileReference; lastKnownFileType = sourcecode.swift; path = FeatureStore.swift; sourceTree = "<group>"; };
		8EAF67CA2EF3520200780BB9 /* AppActions.swift */ = {isa = PBXFileReference; lastKnownFileType = sourcecode.swift; path = AppActions.swift; sourceTree = "<group>"; };
		8EAF67CD2EF3529000780BB9 /* RoomFeatureAction.swift */ = {isa = PBXFileReference; lastKnownFileType = sourcecode.swift; path = RoomFeatureAction.swift; sourceTree = "<group>"; };
		8EAF67CF2EF352C700780BB9 /* PlantViewState.swift */ = {isa = PBXFileReference; lastKnownFileType = sourcecode.swift; path = PlantViewState.swift; sourceTree = "<group>"; };
		8EAF67D12EF352E300780BB9 /* RoomViewState.swift */ = {isa = PBXFileReference; lastKnownFileType = sourcecode.swift; path = RoomViewState.swift; sourceTree = "<group>"; };
		8EAF68032EF4704600780BB9 /* HomeScreenState.swift */ = {isa = PBXFileReference; lastKnownFileType = sourcecode.swift; path = HomeScreenState.swift; sourceTree = "<group>"; };
		8EAF68052EF471E300780BB9 /* HomeScreenAction.swift */ = {isa = PBXFileReference; lastKnownFileType = sourcecode.swift; path = HomeScreenAction.swift; sourceTree = "<group>"; };
		8EAF68072EF4800300780BB9 /* Int + extension.swift */ = {isa = PBXFileReference; lastKnownFileType = sourcecode.swift; path = "Int + extension.swift"; sourceTree = "<group>"; };
		8EBF14782DE6577800422876 /* Info.plist */ = {isa = PBXFileReference; lastKnownFileType = text.plist; path = Info.plist; sourceTree = "<group>"; };
		8EBF14792DE657A700422876 /* Font +.swift */ = {isa = PBXFileReference; lastKnownFileType = sourcecode.swift; path = "Font +.swift"; sourceTree = "<group>"; };
		8EBF147B2DE667A100422876 /* LoveYaLikeASister-Regular.ttf */ = {isa = PBXFileReference; lastKnownFileType = file; path = "LoveYaLikeASister-Regular.ttf"; sourceTree = "<group>"; };
		8EBF147D2DE667F900422876 /* SedgwickAve-Regular.ttf */ = {isa = PBXFileReference; lastKnownFileType = file; path = "SedgwickAve-Regular.ttf"; sourceTree = "<group>"; };
		8EBF147F2DE6689E00422876 /* K2D-ExtraLightItalic.ttf */ = {isa = PBXFileReference; lastKnownFileType = file; path = "K2D-ExtraLightItalic.ttf"; sourceTree = "<group>"; };
		8EBF14802DE6689E00422876 /* K2D-MediumItalic.ttf */ = {isa = PBXFileReference; lastKnownFileType = file; path = "K2D-MediumItalic.ttf"; sourceTree = "<group>"; };
		8EC86DF62E06208600AA6AFA /* PlantView.swift */ = {isa = PBXFileReference; lastKnownFileType = sourcecode.swift; path = PlantView.swift; sourceTree = "<group>"; };
		8EC86E042E06215C00AA6AFA /* Vibration.swift */ = {isa = PBXFileReference; lastKnownFileType = sourcecode.swift; path = Vibration.swift; sourceTree = "<group>"; };
		8EC86E062E0628E400AA6AFA /* DustView.swift */ = {isa = PBXFileReference; lastKnownFileType = sourcecode.swift; path = DustView.swift; sourceTree = "<group>"; };
		8EC86E142E06C75400AA6AFA /* RoomType.swift */ = {isa = PBXFileReference; lastKnownFileType = sourcecode.swift; path = RoomType.swift; sourceTree = "<group>"; };
		8EC86E182E06C9E800AA6AFA /* ShelfType.swift */ = {isa = PBXFileReference; lastKnownFileType = sourcecode.swift; path = ShelfType.swift; sourceTree = "<group>"; };
		8EC86E262E06D01B00AA6AFA /* HomeScreenStore.swift */ = {isa = PBXFileReference; lastKnownFileType = sourcecode.swift; path = HomeScreenStore.swift; sourceTree = "<group>"; };
		8EC86E2C2E06D97B00AA6AFA /* Collection + extension.swift */ = {isa = PBXFileReference; lastKnownFileType = sourcecode.swift; path = "Collection + extension.swift"; sourceTree = "<group>"; };
		8EC86E2E2E06E38600AA6AFA /* View + extension.swift */ = {isa = PBXFileReference; lastKnownFileType = sourcecode.swift; path = "View + extension.swift"; sourceTree = "<group>"; };
		8EC86E302E06E81F00AA6AFA /* EditRoomScreen.swift */ = {isa = PBXFileReference; lastKnownFileType = sourcecode.swift; path = EditRoomScreen.swift; sourceTree = "<group>"; };
		8EC86F072E0F3A6000AA6AFA /* FlatShadow.swift */ = {isa = PBXFileReference; lastKnownFileType = sourcecode.swift; path = FlatShadow.swift; sourceTree = "<group>"; };
		8EC86F502E18442000AA6AFA /* LoopingFramesView.swift */ = {isa = PBXFileReference; lastKnownFileType = sourcecode.swift; path = LoopingFramesView.swift; sourceTree = "<group>"; };
		8EC86F522E18547600AA6AFA /* Color + extension.swift */ = {isa = PBXFileReference; lastKnownFileType = sourcecode.swift; path = "Color + extension.swift"; sourceTree = "<group>"; };
		8EE4C59F2E7A10A000818D95 /* EdgeInsets + extension.swift */ = {isa = PBXFileReference; lastKnownFileType = sourcecode.swift; path = "EdgeInsets + extension.swift"; sourceTree = "<group>"; };
		8EE4C5A12E7A126600818D95 /* TextureButton.swift */ = {isa = PBXFileReference; lastKnownFileType = sourcecode.swift; path = TextureButton.swift; sourceTree = "<group>"; };
		8EEB2E882E7B54CF00D0F736 /* TagView.swift */ = {isa = PBXFileReference; lastKnownFileType = sourcecode.swift; path = TagView.swift; sourceTree = "<group>"; };
		8EF574EC2DCCEEAE00AEC31A /* TimeToSow.app */ = {isa = PBXFileReference; explicitFileType = wrapper.application; includeInIndex = 0; path = TimeToSow.app; sourceTree = BUILT_PRODUCTS_DIR; };
		8EF5753A2DCE3F3A00AEC31A /* TimeToSowApp.swift */ = {isa = PBXFileReference; lastKnownFileType = sourcecode.swift; path = TimeToSowApp.swift; sourceTree = "<group>"; };
		8EF5753D2DCE3F3A00AEC31A /* UserMonthRoom.swift */ = {isa = PBXFileReference; lastKnownFileType = sourcecode.swift; path = UserMonthRoom.swift; sourceTree = "<group>"; };
		8EF5753F2DCE3F3A00AEC31A /* Preview Assets.xcassets */ = {isa = PBXFileReference; lastKnownFileType = folder.assetcatalog; path = "Preview Assets.xcassets"; sourceTree = "<group>"; };
		8EF575412DCE3F3A00AEC31A /* Assets.xcassets */ = {isa = PBXFileReference; lastKnownFileType = folder.assetcatalog; path = Assets.xcassets; sourceTree = "<group>"; };
		8EF575432DCE3F3A00AEC31A /* HomeScreen.swift */ = {isa = PBXFileReference; lastKnownFileType = sourcecode.swift; path = HomeScreen.swift; sourceTree = "<group>"; };
		8EF575452DCE3F3A00AEC31A /* AppStore.swift */ = {isa = PBXFileReference; lastKnownFileType = sourcecode.swift; path = AppStore.swift; sourceTree = "<group>"; };
		8EF575482DCE3F3A00AEC31A /* ScreenBuilder.swift */ = {isa = PBXFileReference; lastKnownFileType = sourcecode.swift; path = ScreenBuilder.swift; sourceTree = "<group>"; };
		8EF575602DCE432300AEC31A /* Plant.swift */ = {isa = PBXFileReference; lastKnownFileType = sourcecode.swift; path = Plant.swift; sourceTree = "<group>"; };
		8EF575622DCE433900AEC31A /* Pot.swift */ = {isa = PBXFileReference; lastKnownFileType = sourcecode.swift; path = Pot.swift; sourceTree = "<group>"; };
		8EF575642DCE434B00AEC31A /* Seed.swift */ = {isa = PBXFileReference; lastKnownFileType = sourcecode.swift; path = Seed.swift; sourceTree = "<group>"; };
		8EF575662DCE435800AEC31A /* Tag.swift */ = {isa = PBXFileReference; lastKnownFileType = sourcecode.swift; path = Tag.swift; sourceTree = "<group>"; };
		8EF575682DCE49D600AEC31A /* EnvironmentValues.swift */ = {isa = PBXFileReference; lastKnownFileType = sourcecode.swift; path = EnvironmentValues.swift; sourceTree = "<group>"; };
		8EF5756C2DCE4E8700AEC31A /* RoomView.swift */ = {isa = PBXFileReference; lastKnownFileType = sourcecode.swift; path = RoomView.swift; sourceTree = "<group>"; };
		8EF575882DDA00E200AEC31A /* TimePickerView.swift */ = {isa = PBXFileReference; lastKnownFileType = sourcecode.swift; path = TimePickerView.swift; sourceTree = "<group>"; };
		8EF5758A2DDA125A00AEC31A /* StrokeText.swift */ = {isa = PBXFileReference; lastKnownFileType = sourcecode.swift; path = StrokeText.swift; sourceTree = "<group>"; };
		8EF5758C2DDA256800AEC31A /* SelectPickerView.swift */ = {isa = PBXFileReference; lastKnownFileType = sourcecode.swift; path = SelectPickerView.swift; sourceTree = "<group>"; };
/* End PBXFileReference section */

/* Begin PBXFileSystemSynchronizedRootGroup section */
		8EF575532DCE3F4600AEC31A /* Repositories */ = {
			isa = PBXFileSystemSynchronizedRootGroup;
			path = Repositories;
			sourceTree = "<group>";
		};
/* End PBXFileSystemSynchronizedRootGroup section */

/* Begin PBXFrameworksBuildPhase section */
		8EF574E92DCCEEAE00AEC31A /* Frameworks */ = {
			isa = PBXFrameworksBuildPhase;
			buildActionMask = 2147483647;
			files = (
			);
			runOnlyForDeploymentPostprocessing = 0;
		};
/* End PBXFrameworksBuildPhase section */

/* Begin PBXGroup section */
		8E2E5EE52EF8544200B91347 /* PlantDetail */ = {
			isa = PBXGroup;
			children = (
				8E2E5EE62EF8546000B91347 /* PlantDetailView.swift */,
			);
			path = PlantDetail;
			sourceTree = "<group>";
		};
		8E7240C42EE23CD300D08CE7 /* ViewModifiers */ = {
			isa = PBXGroup;
			children = (
				8E7240C52EE23D0700D08CE7 /* TextureOverlay.swift */,
				8E7240CB2EE265E800D08CE7 /* RainEffectModifier.swift */,
				8E7240C72EE23D3100D08CE7 /* View + Modifiers.swift */,
			);
			path = ViewModifiers;
			sourceTree = "<group>";
		};
		8E75DE0E2E5A2EAF0004C3D3 /* Progress */ = {
			isa = PBXGroup;
			children = (
				8E75DE0F2E5A2EC50004C3D3 /* ProgressScreen.swift */,
				8E75DE152E5A351B0004C3D3 /* ProgressView.swift */,
				8E75DE112E5A2EE50004C3D3 /* ProgressScreenLocalStore.swift */,
			);
			path = Progress;
			sourceTree = "<group>";
		};
		8EAF67C32EF33A9100780BB9 /* FeatureStores */ = {
			isa = PBXGroup;
			children = (
				8EAF67CC2EF3527000780BB9 /* RoomFeature */,
				8EAF67C62EF33AC100780BB9 /* FeatureStore.swift */,
			);
			path = FeatureStores;
			sourceTree = "<group>";
		};
		8EAF67CC2EF3527000780BB9 /* RoomFeature */ = {
			isa = PBXGroup;
			children = (
				8EAF67C42EF33AB500780BB9 /* RoomFeatureStore.swift */,
				8EAF67CD2EF3529000780BB9 /* RoomFeatureAction.swift */,
				8EAF67D12EF352E300780BB9 /* RoomViewState.swift */,
				8EAF67CF2EF352C700780BB9 /* PlantViewState.swift */,
			);
			path = RoomFeature;
			sourceTree = "<group>";
		};
		8EC86E322E06E82B00AA6AFA /* EditRoomScreen */ = {
			isa = PBXGroup;
			children = (
				8EC86E302E06E81F00AA6AFA /* EditRoomScreen.swift */,
			);
			path = EditRoomScreen;
			sourceTree = "<group>";
		};
		8EF574E32DCCEEAE00AEC31A = {
			isa = PBXGroup;
			children = (
				8EF5754A2DCE3F3A00AEC31A /* TimeToSow */,
				8EF574ED2DCCEEAE00AEC31A /* Products */,
			);
			sourceTree = "<group>";
		};
		8EF574ED2DCCEEAE00AEC31A /* Products */ = {
			isa = PBXGroup;
			children = (
				8EF574EC2DCCEEAE00AEC31A /* TimeToSow.app */,
			);
			name = Products;
			sourceTree = "<group>";
		};
		8EF5753B2DCE3F3A00AEC31A /* App */ = {
			isa = PBXGroup;
			children = (
				8EF5753A2DCE3F3A00AEC31A /* TimeToSowApp.swift */,
			);
			path = App;
			sourceTree = "<group>";
		};
		8EF5753C2DCE3F3A00AEC31A /* Extensions */ = {
			isa = PBXGroup;
			children = (
				8EC86E042E06215C00AA6AFA /* Vibration.swift */,
				8EC86F522E18547600AA6AFA /* Color + extension.swift */,
				8EC86E2E2E06E38600AA6AFA /* View + extension.swift */,
				8EC86E2C2E06D97B00AA6AFA /* Collection + extension.swift */,
				8EE4C59F2E7A10A000818D95 /* EdgeInsets + extension.swift */,
				8EAF68072EF4800300780BB9 /* Int + extension.swift */,
			);
			path = Extensions;
			sourceTree = "<group>";
		};
		8EF5753E2DCE3F3A00AEC31A /* Models */ = {
			isa = PBXGroup;
			children = (
				8EF5753D2DCE3F3A00AEC31A /* UserMonthRoom.swift */,
				8EF575602DCE432300AEC31A /* Plant.swift */,
				8EF575622DCE433900AEC31A /* Pot.swift */,
				8EF575642DCE434B00AEC31A /* Seed.swift */,
				8EC86E182E06C9E800AA6AFA /* ShelfType.swift */,
				8EF575662DCE435800AEC31A /* Tag.swift */,
				8EC86E142E06C75400AA6AFA /* RoomType.swift */,
			);
			path = Models;
			sourceTree = "<group>";
		};
		8EF575402DCE3F3A00AEC31A /* Preview Content */ = {
			isa = PBXGroup;
			children = (
				8EF5753F2DCE3F3A00AEC31A /* Preview Assets.xcassets */,
			);
			path = "Preview Content";
			sourceTree = "<group>";
		};
		8EF575422DCE3F3A00AEC31A /* Resources */ = {
			isa = PBXGroup;
			children = (
				8EF575402DCE3F3A00AEC31A /* Preview Content */,
				8EF575412DCE3F3A00AEC31A /* Assets.xcassets */,
				8EBF147F2DE6689E00422876 /* K2D-ExtraLightItalic.ttf */,
				8EBF14802DE6689E00422876 /* K2D-MediumItalic.ttf */,
				8EBF147D2DE667F900422876 /* SedgwickAve-Regular.ttf */,
				8EBF147B2DE667A100422876 /* LoveYaLikeASister-Regular.ttf */,
				8EBF14792DE657A700422876 /* Font +.swift */,
			);
			path = Resources;
			sourceTree = "<group>";
		};
		8EF575442DCE3F3A00AEC31A /* HomeScreen */ = {
			isa = PBXGroup;
			children = (
				8EF575432DCE3F3A00AEC31A /* HomeScreen.swift */,
				8EAF68032EF4704600780BB9 /* HomeScreenState.swift */,
				8EC86E262E06D01B00AA6AFA /* HomeScreenStore.swift */,
				8EAF68052EF471E300780BB9 /* HomeScreenAction.swift */,
			);
			path = HomeScreen;
			sourceTree = "<group>";
		};
		8EF575462DCE3F3A00AEC31A /* Stores */ = {
			isa = PBXGroup;
			children = (
				8EAF67C32EF33A9100780BB9 /* FeatureStores */,
				8EF575452DCE3F3A00AEC31A /* AppStore.swift */,
				8E2E5EE32EF853F000B91347 /* AppCoordinator.swift */,
				8EAF67CA2EF3520200780BB9 /* AppActions.swift */,
			);
			path = Stores;
			sourceTree = "<group>";
		};
		8EF575492DCE3F3A00AEC31A /* UI */ = {
			isa = PBXGroup;
			children = (
				8E2E5EE52EF8544200B91347 /* PlantDetail */,
				8E75DE0E2E5A2EAF0004C3D3 /* Progress */,
				8EC86E322E06E82B00AA6AFA /* EditRoomScreen */,
				8EF5756A2DCE4E6700AEC31A /* Components */,
				8EF575442DCE3F3A00AEC31A /* HomeScreen */,
				8EF575462DCE3F3A00AEC31A /* Stores */,
				8EF575482DCE3F3A00AEC31A /* ScreenBuilder.swift */,
				8EF575682DCE49D600AEC31A /* EnvironmentValues.swift */,
			);
			path = UI;
			sourceTree = "<group>";
		};
		8EF5754A2DCE3F3A00AEC31A /* TimeToSow */ = {
			isa = PBXGroup;
			children = (
				8EBF14782DE6577800422876 /* Info.plist */,
				8EF575532DCE3F4600AEC31A /* Repositories */,
				8EF5753B2DCE3F3A00AEC31A /* App */,
				8EF5753C2DCE3F3A00AEC31A /* Extensions */,
				8EF5753E2DCE3F3A00AEC31A /* Models */,
				8EF575422DCE3F3A00AEC31A /* Resources */,
				8EF575492DCE3F3A00AEC31A /* UI */,
			);
			path = TimeToSow;
			sourceTree = "<group>";
		};
		8EF5756A2DCE4E6700AEC31A /* Components */ = {
			isa = PBXGroup;
			children = (
				8E7240C42EE23CD300D08CE7 /* ViewModifiers */,
				8EF5756C2DCE4E8700AEC31A /* RoomView.swift */,
				8EC86F072E0F3A6000AA6AFA /* FlatShadow.swift */,
				8EC86DF62E06208600AA6AFA /* PlantView.swift */,
				8EC86F502E18442000AA6AFA /* LoopingFramesView.swift */,
				8EC86E062E0628E400AA6AFA /* DustView.swift */,
				8EF5758A2DDA125A00AEC31A /* StrokeText.swift */,
				8EF575882DDA00E200AEC31A /* TimePickerView.swift */,
				8EF5758C2DDA256800AEC31A /* SelectPickerView.swift */,
				8E75DE132E5A306C0004C3D3 /* TimerView.swift */,
				8E75DE172E5A3BEE0004C3D3 /* PlantPreview.swift */,
				8E13E1CC2E7A00E700E5CA1F /* TextureView.swift */,
				8EE4C5A12E7A126600818D95 /* TextureButton.swift */,
				8EEB2E882E7B54CF00D0F736 /* TagView.swift */,
				8E7A7FE12EDF959400575A81 /* DrawText.swift */,
				8EA1C9B92EFC546600DF690F /* RarityView.swift */,
			);
			path = Components;
			sourceTree = "<group>";
		};
/* End PBXGroup section */

/* Begin PBXNativeTarget section */
		8EF574EB2DCCEEAE00AEC31A /* TimeToSow */ = {
			isa = PBXNativeTarget;
			buildConfigurationList = 8EF574FA2DCCEEB000AEC31A /* Build configuration list for PBXNativeTarget "TimeToSow" */;
			buildPhases = (
				8EF574E82DCCEEAE00AEC31A /* Sources */,
				8EF574E92DCCEEAE00AEC31A /* Frameworks */,
				8EF574EA2DCCEEAE00AEC31A /* Resources */,
			);
			buildRules = (
			);
			dependencies = (
			);
			fileSystemSynchronizedGroups = (
				8EF575532DCE3F4600AEC31A /* Repositories */,
			);
			name = TimeToSow;
			packageProductDependencies = (
			);
			productName = TimeToSow;
			productReference = 8EF574EC2DCCEEAE00AEC31A /* TimeToSow.app */;
			productType = "com.apple.product-type.application";
		};
/* End PBXNativeTarget section */

/* Begin PBXProject section */
		8EF574E42DCCEEAE00AEC31A /* Project object */ = {
			isa = PBXProject;
			attributes = {
				BuildIndependentTargetsInParallel = 1;
				LastSwiftUpdateCheck = 1620;
				LastUpgradeCheck = 1620;
				TargetAttributes = {
					8EF574EB2DCCEEAE00AEC31A = {
						CreatedOnToolsVersion = 16.2;
					};
				};
			};
			buildConfigurationList = 8EF574E72DCCEEAE00AEC31A /* Build configuration list for PBXProject "TimeToSow" */;
			developmentRegion = en;
			hasScannedForEncodings = 0;
			knownRegions = (
				en,
				Base,
			);
			mainGroup = 8EF574E32DCCEEAE00AEC31A;
			minimizedProjectReferenceProxies = 1;
			preferredProjectObjectVersion = 77;
			productRefGroup = 8EF574ED2DCCEEAE00AEC31A /* Products */;
			projectDirPath = "";
			projectRoot = "";
			targets = (
				8EF574EB2DCCEEAE00AEC31A /* TimeToSow */,
			);
		};
/* End PBXProject section */

/* Begin PBXResourcesBuildPhase section */
		8EF574EA2DCCEEAE00AEC31A /* Resources */ = {
			isa = PBXResourcesBuildPhase;
			buildActionMask = 2147483647;
			files = (
				8EBF147C2DE667A100422876 /* LoveYaLikeASister-Regular.ttf in Resources */,
				8EBF14812DE6689E00422876 /* K2D-MediumItalic.ttf in Resources */,
				8EBF14822DE6689E00422876 /* K2D-ExtraLightItalic.ttf in Resources */,
				8EBF147E2DE667F900422876 /* SedgwickAve-Regular.ttf in Resources */,
				8EF575512DCE3F3A00AEC31A /* Preview Assets.xcassets in Resources */,
				8EF575522DCE3F3A00AEC31A /* Assets.xcassets in Resources */,
			);
			runOnlyForDeploymentPostprocessing = 0;
		};
/* End PBXResourcesBuildPhase section */

/* Begin PBXSourcesBuildPhase section */
		8EF574E82DCCEEAE00AEC31A /* Sources */ = {
			isa = PBXSourcesBuildPhase;
			buildActionMask = 2147483647;
			files = (
				8EC86E272E06D01B00AA6AFA /* HomeScreenStore.swift in Sources */,
				8EC86DF72E06208600AA6AFA /* PlantView.swift in Sources */,
				8EAF67CE2EF3529000780BB9 /* RoomFeatureAction.swift in Sources */,
				8EF5758B2DDA125A00AEC31A /* StrokeText.swift in Sources */,
				8EAF67C72EF33AC100780BB9 /* FeatureStore.swift in Sources */,
				8EF575672DCE435800AEC31A /* Tag.swift in Sources */,
				8EF575892DDA00E200AEC31A /* TimePickerView.swift in Sources */,
				8EC86F532E18547600AA6AFA /* Color + extension.swift in Sources */,
				8E2E5EE42EF853F000B91347 /* AppCoordinator.swift in Sources */,
				8EF5756D2DCE4E8700AEC31A /* RoomView.swift in Sources */,
				8E7A7FE22EDF959400575A81 /* DrawText.swift in Sources */,
				8EE4C5A22E7A126600818D95 /* TextureButton.swift in Sources */,
				8E7240C82EE23D3100D08CE7 /* View + Modifiers.swift in Sources */,
				8EF5754B2DCE3F3A00AEC31A /* TimeToSowApp.swift in Sources */,
				8E13E1CD2E7A00E700E5CA1F /* TextureView.swift in Sources */,
				8E75DE102E5A2EC50004C3D3 /* ProgressScreen.swift in Sources */,
				8EC86F512E18442000AA6AFA /* LoopingFramesView.swift in Sources */,
				8E7240CC2EE265E800D08CE7 /* RainEffectModifier.swift in Sources */,
				8EF5754C2DCE3F3A00AEC31A /* UserMonthRoom.swift in Sources */,
				8EC86E072E0628E400AA6AFA /* DustView.swift in Sources */,
				8E7240C62EE23D0700D08CE7 /* TextureOverlay.swift in Sources */,
				8EAF68082EF4800300780BB9 /* Int + extension.swift in Sources */,
				8EF575632DCE433900AEC31A /* Pot.swift in Sources */,
				8EC86E312E06E81F00AA6AFA /* EditRoomScreen.swift in Sources */,
				8EAF67D02EF352C700780BB9 /* PlantViewState.swift in Sources */,
				8EF575612DCE432300AEC31A /* Plant.swift in Sources */,
				8EAF68062EF471E300780BB9 /* HomeScreenAction.swift in Sources */,
				8EBF147A2DE657A700422876 /* Font +.swift in Sources */,
				8EAF67C52EF33AB500780BB9 /* RoomFeatureStore.swift in Sources */,
				8EF575652DCE434B00AEC31A /* Seed.swift in Sources */,
				8E75DE142E5A306C0004C3D3 /* TimerView.swift in Sources */,
				8EC86E2D2E06D97B00AA6AFA /* Collection + extension.swift in Sources */,
				8EF575692DCE49D600AEC31A /* EnvironmentValues.swift in Sources */,
				8EA1C9BA2EFC546600DF690F /* RarityView.swift in Sources */,
				8E75DE182E5A3BEE0004C3D3 /* PlantPreview.swift in Sources */,
				8E2E5EE72EF8546000B91347 /* PlantDetailView.swift in Sources */,
				8EE4C5A02E7A10A000818D95 /* EdgeInsets + extension.swift in Sources */,
				8EF5754D2DCE3F3A00AEC31A /* HomeScreen.swift in Sources */,
				8EEB2E892E7B54CF00D0F736 /* TagView.swift in Sources */,
				8EC86E192E06C9E800AA6AFA /* ShelfType.swift in Sources */,
				8EF5754E2DCE3F3A00AEC31A /* AppStore.swift in Sources */,
				8EF5758D2DDA256800AEC31A /* SelectPickerView.swift in Sources */,
				8EAF67D22EF352E300780BB9 /* RoomViewState.swift in Sources */,
				8EF575502DCE3F3A00AEC31A /* ScreenBuilder.swift in Sources */,
				8EAF67CB2EF3520200780BB9 /* AppActions.swift in Sources */,
				8EC86F082E0F3A6000AA6AFA /* FlatShadow.swift in Sources */,
				8E75DE122E5A2EE60004C3D3 /* ProgressScreenLocalStore.swift in Sources */,
				8EC86E052E06215C00AA6AFA /* Vibration.swift in Sources */,
				8E75DE162E5A351B0004C3D3 /* ProgressView.swift in Sources */,
				8EAF68042EF4704600780BB9 /* HomeScreenState.swift in Sources */,
				8EC86E2F2E06E38600AA6AFA /* View + extension.swift in Sources */,
				8EC86E152E06C75400AA6AFA /* RoomType.swift in Sources */,
			);
			runOnlyForDeploymentPostprocessing = 0;
		};
/* End PBXSourcesBuildPhase section */

/* Begin XCBuildConfiguration section */
		8EF574F82DCCEEB000AEC31A /* Debug */ = {
			isa = XCBuildConfiguration;
			buildSettings = {
				ALWAYS_SEARCH_USER_PATHS = NO;
				ASSETCATALOG_COMPILER_GENERATE_SWIFT_ASSET_SYMBOL_EXTENSIONS = YES;
				CLANG_ANALYZER_NONNULL = YES;
				CLANG_ANALYZER_NUMBER_OBJECT_CONVERSION = YES_AGGRESSIVE;
				CLANG_CXX_LANGUAGE_STANDARD = "gnu++20";
				CLANG_ENABLE_MODULES = YES;
				CLANG_ENABLE_OBJC_ARC = YES;
				CLANG_ENABLE_OBJC_WEAK = YES;
				CLANG_WARN_BLOCK_CAPTURE_AUTORELEASING = YES;
				CLANG_WARN_BOOL_CONVERSION = YES;
				CLANG_WARN_COMMA = YES;
				CLANG_WARN_CONSTANT_CONVERSION = YES;
				CLANG_WARN_DEPRECATED_OBJC_IMPLEMENTATIONS = YES;
				CLANG_WARN_DIRECT_OBJC_ISA_USAGE = YES_ERROR;
				CLANG_WARN_DOCUMENTATION_COMMENTS = YES;
				CLANG_WARN_EMPTY_BODY = YES;
				CLANG_WARN_ENUM_CONVERSION = YES;
				CLANG_WARN_INFINITE_RECURSION = YES;
				CLANG_WARN_INT_CONVERSION = YES;
				CLANG_WARN_NON_LITERAL_NULL_CONVERSION = YES;
				CLANG_WARN_OBJC_IMPLICIT_RETAIN_SELF = YES;
				CLANG_WARN_OBJC_LITERAL_CONVERSION = YES;
				CLANG_WARN_OBJC_ROOT_CLASS = YES_ERROR;
				CLANG_WARN_QUOTED_INCLUDE_IN_FRAMEWORK_HEADER = YES;
				CLANG_WARN_RANGE_LOOP_ANALYSIS = YES;
				CLANG_WARN_STRICT_PROTOTYPES = YES;
				CLANG_WARN_SUSPICIOUS_MOVE = YES;
				CLANG_WARN_UNGUARDED_AVAILABILITY = YES_AGGRESSIVE;
				CLANG_WARN_UNREACHABLE_CODE = YES;
				CLANG_WARN__DUPLICATE_METHOD_MATCH = YES;
				COPY_PHASE_STRIP = NO;
				DEBUG_INFORMATION_FORMAT = dwarf;
				ENABLE_STRICT_OBJC_MSGSEND = YES;
				ENABLE_TESTABILITY = YES;
				ENABLE_USER_SCRIPT_SANDBOXING = YES;
				GCC_C_LANGUAGE_STANDARD = gnu17;
				GCC_DYNAMIC_NO_PIC = NO;
				GCC_NO_COMMON_BLOCKS = YES;
				GCC_OPTIMIZATION_LEVEL = 0;
				GCC_PREPROCESSOR_DEFINITIONS = (
					"DEBUG=1",
					"$(inherited)",
				);
				GCC_WARN_64_TO_32_BIT_CONVERSION = YES;
				GCC_WARN_ABOUT_RETURN_TYPE = YES_ERROR;
				GCC_WARN_UNDECLARED_SELECTOR = YES;
				GCC_WARN_UNINITIALIZED_AUTOS = YES_AGGRESSIVE;
				GCC_WARN_UNUSED_FUNCTION = YES;
				GCC_WARN_UNUSED_VARIABLE = YES;
				IPHONEOS_DEPLOYMENT_TARGET = 18.2;
				LOCALIZATION_PREFERS_STRING_CATALOGS = YES;
				MTL_ENABLE_DEBUG_INFO = INCLUDE_SOURCE;
				MTL_FAST_MATH = YES;
				ONLY_ACTIVE_ARCH = YES;
				SDKROOT = iphoneos;
				SWIFT_ACTIVE_COMPILATION_CONDITIONS = "DEBUG $(inherited)";
				SWIFT_OPTIMIZATION_LEVEL = "-Onone";
			};
			name = Debug;
		};
		8EF574F92DCCEEB000AEC31A /* Release */ = {
			isa = XCBuildConfiguration;
			buildSettings = {
				ALWAYS_SEARCH_USER_PATHS = NO;
				ASSETCATALOG_COMPILER_GENERATE_SWIFT_ASSET_SYMBOL_EXTENSIONS = YES;
				CLANG_ANALYZER_NONNULL = YES;
				CLANG_ANALYZER_NUMBER_OBJECT_CONVERSION = YES_AGGRESSIVE;
				CLANG_CXX_LANGUAGE_STANDARD = "gnu++20";
				CLANG_ENABLE_MODULES = YES;
				CLANG_ENABLE_OBJC_ARC = YES;
				CLANG_ENABLE_OBJC_WEAK = YES;
				CLANG_WARN_BLOCK_CAPTURE_AUTORELEASING = YES;
				CLANG_WARN_BOOL_CONVERSION = YES;
				CLANG_WARN_COMMA = YES;
				CLANG_WARN_CONSTANT_CONVERSION = YES;
				CLANG_WARN_DEPRECATED_OBJC_IMPLEMENTATIONS = YES;
				CLANG_WARN_DIRECT_OBJC_ISA_USAGE = YES_ERROR;
				CLANG_WARN_DOCUMENTATION_COMMENTS = YES;
				CLANG_WARN_EMPTY_BODY = YES;
				CLANG_WARN_ENUM_CONVERSION = YES;
				CLANG_WARN_INFINITE_RECURSION = YES;
				CLANG_WARN_INT_CONVERSION = YES;
				CLANG_WARN_NON_LITERAL_NULL_CONVERSION = YES;
				CLANG_WARN_OBJC_IMPLICIT_RETAIN_SELF = YES;
				CLANG_WARN_OBJC_LITERAL_CONVERSION = YES;
				CLANG_WARN_OBJC_ROOT_CLASS = YES_ERROR;
				CLANG_WARN_QUOTED_INCLUDE_IN_FRAMEWORK_HEADER = YES;
				CLANG_WARN_RANGE_LOOP_ANALYSIS = YES;
				CLANG_WARN_STRICT_PROTOTYPES = YES;
				CLANG_WARN_SUSPICIOUS_MOVE = YES;
				CLANG_WARN_UNGUARDED_AVAILABILITY = YES_AGGRESSIVE;
				CLANG_WARN_UNREACHABLE_CODE = YES;
				CLANG_WARN__DUPLICATE_METHOD_MATCH = YES;
				COPY_PHASE_STRIP = NO;
				DEBUG_INFORMATION_FORMAT = "dwarf-with-dsym";
				ENABLE_NS_ASSERTIONS = NO;
				ENABLE_STRICT_OBJC_MSGSEND = YES;
				ENABLE_USER_SCRIPT_SANDBOXING = YES;
				GCC_C_LANGUAGE_STANDARD = gnu17;
				GCC_NO_COMMON_BLOCKS = YES;
				GCC_WARN_64_TO_32_BIT_CONVERSION = YES;
				GCC_WARN_ABOUT_RETURN_TYPE = YES_ERROR;
				GCC_WARN_UNDECLARED_SELECTOR = YES;
				GCC_WARN_UNINITIALIZED_AUTOS = YES_AGGRESSIVE;
				GCC_WARN_UNUSED_FUNCTION = YES;
				GCC_WARN_UNUSED_VARIABLE = YES;
				IPHONEOS_DEPLOYMENT_TARGET = 18.2;
				LOCALIZATION_PREFERS_STRING_CATALOGS = YES;
				MTL_ENABLE_DEBUG_INFO = NO;
				MTL_FAST_MATH = YES;
				SDKROOT = iphoneos;
				SWIFT_COMPILATION_MODE = wholemodule;
				VALIDATE_PRODUCT = YES;
			};
			name = Release;
		};
		8EF574FB2DCCEEB000AEC31A /* Debug */ = {
			isa = XCBuildConfiguration;
			buildSettings = {
				ASSETCATALOG_COMPILER_APPICON_NAME = AppIcon;
				ASSETCATALOG_COMPILER_GLOBAL_ACCENT_COLOR_NAME = AccentColor;
				CODE_SIGN_STYLE = Automatic;
				CURRENT_PROJECT_VERSION = 1;
				DEVELOPMENT_ASSET_PATHS = "\"TimeToSow/Resources/Preview Content\"";
				DEVELOPMENT_TEAM = 955DP87LHM;
				ENABLE_PREVIEWS = YES;
				GENERATE_INFOPLIST_FILE = YES;
				INFOPLIST_FILE = TimeToSow/Info.plist;
				INFOPLIST_KEY_UIApplicationSceneManifest_Generation = YES;
				INFOPLIST_KEY_UIApplicationSupportsIndirectInputEvents = YES;
				INFOPLIST_KEY_UILaunchScreen_Generation = YES;
				INFOPLIST_KEY_UISupportedInterfaceOrientations = UIInterfaceOrientationPortrait;
				INFOPLIST_KEY_UISupportedInterfaceOrientations_iPad = "UIInterfaceOrientationLandscapeLeft UIInterfaceOrientationLandscapeRight UIInterfaceOrientationPortrait UIInterfaceOrientationPortraitUpsideDown";
				IPHONEOS_DEPLOYMENT_TARGET = 17.0;
				LD_RUNPATH_SEARCH_PATHS = (
					"$(inherited)",
					"@executable_path/Frameworks",
				);
				MARKETING_VERSION = 1.0;
				PRODUCT_BUNDLE_IDENTIFIER = Nebo.TimeToSow;
				PRODUCT_NAME = "$(TARGET_NAME)";
				SUPPORTED_PLATFORMS = "iphoneos iphonesimulator";
				SUPPORTS_MACCATALYST = NO;
				SUPPORTS_MAC_DESIGNED_FOR_IPHONE_IPAD = NO;
				SUPPORTS_XR_DESIGNED_FOR_IPHONE_IPAD = NO;
				SWIFT_EMIT_LOC_STRINGS = YES;
				SWIFT_VERSION = 5.0;
				TARGETED_DEVICE_FAMILY = 1;
			};
			name = Debug;
		};
		8EF574FC2DCCEEB000AEC31A /* Release */ = {
			isa = XCBuildConfiguration;
			buildSettings = {
				ASSETCATALOG_COMPILER_APPICON_NAME = AppIcon;
				ASSETCATALOG_COMPILER_GLOBAL_ACCENT_COLOR_NAME = AccentColor;
				CODE_SIGN_STYLE = Automatic;
				CURRENT_PROJECT_VERSION = 1;
				DEVELOPMENT_ASSET_PATHS = "\"TimeToSow/Resources/Preview Content\"";
				DEVELOPMENT_TEAM = 955DP87LHM;
				ENABLE_PREVIEWS = YES;
				GENERATE_INFOPLIST_FILE = YES;
				INFOPLIST_FILE = TimeToSow/Info.plist;
				INFOPLIST_KEY_UIApplicationSceneManifest_Generation = YES;
				INFOPLIST_KEY_UIApplicationSupportsIndirectInputEvents = YES;
				INFOPLIST_KEY_UILaunchScreen_Generation = YES;
				INFOPLIST_KEY_UISupportedInterfaceOrientations = UIInterfaceOrientationPortrait;
				INFOPLIST_KEY_UISupportedInterfaceOrientations_iPad = "UIInterfaceOrientationLandscapeLeft UIInterfaceOrientationLandscapeRight UIInterfaceOrientationPortrait UIInterfaceOrientationPortraitUpsideDown";
				IPHONEOS_DEPLOYMENT_TARGET = 17.0;
				LD_RUNPATH_SEARCH_PATHS = (
					"$(inherited)",
					"@executable_path/Frameworks",
				);
				MARKETING_VERSION = 1.0;
				PRODUCT_BUNDLE_IDENTIFIER = Nebo.TimeToSow;
				PRODUCT_NAME = "$(TARGET_NAME)";
				SUPPORTED_PLATFORMS = "iphoneos iphonesimulator";
				SUPPORTS_MACCATALYST = NO;
				SUPPORTS_MAC_DESIGNED_FOR_IPHONE_IPAD = NO;
				SUPPORTS_XR_DESIGNED_FOR_IPHONE_IPAD = NO;
				SWIFT_EMIT_LOC_STRINGS = YES;
				SWIFT_VERSION = 5.0;
				TARGETED_DEVICE_FAMILY = 1;
			};
			name = Release;
		};
/* End XCBuildConfiguration section */

/* Begin XCConfigurationList section */
		8EF574E72DCCEEAE00AEC31A /* Build configuration list for PBXProject "TimeToSow" */ = {
			isa = XCConfigurationList;
			buildConfigurations = (
				8EF574F82DCCEEB000AEC31A /* Debug */,
				8EF574F92DCCEEB000AEC31A /* Release */,
			);
			defaultConfigurationIsVisible = 0;
			defaultConfigurationName = Release;
		};
		8EF574FA2DCCEEB000AEC31A /* Build configuration list for PBXNativeTarget "TimeToSow" */ = {
			isa = XCConfigurationList;
			buildConfigurations = (
				8EF574FB2DCCEEB000AEC31A /* Debug */,
				8EF574FC2DCCEEB000AEC31A /* Release */,
			);
			defaultConfigurationIsVisible = 0;
			defaultConfigurationName = Release;
		};
/* End XCConfigurationList section */
	};
	rootObject = 8EF574E42DCCEEAE00AEC31A /* Project object */;
}
