// !$*UTF8*$!
{
	archiveVersion = 1;
	classes = {
	};
	objectVersion = 77;
	objects = {

/* Begin PBXBuildFile section */
		8E13E1CD2E7A00E700E5CA1F /* TextureView.swift in Sources */ = {isa = PBXBuildFile; fileRef = 8E13E1CC2E7A00E700E5CA1F /* TextureView.swift */; };
		8E201B552F127718002B49A1 /* Logger.swift in Sources */ = {isa = PBXBuildFile; fileRef = 8E201B542F127718002B49A1 /* Logger.swift */; };
		8E2957932F26679500EA144A /* DecorTypeModelGRDB.swift in Sources */ = {isa = PBXBuildFile; fileRef = 8E2957922F26679500EA144A /* DecorTypeModelGRDB.swift */; };
		8E2957952F27CB1800EA144A /* PlantDetailScreenStore.swift in Sources */ = {isa = PBXBuildFile; fileRef = 8E2957942F27CB1800EA144A /* PlantDetailScreenStore.swift */; };
		8E2957972F27CB2100EA144A /* PlantDetailScreenAction.swift in Sources */ = {isa = PBXBuildFile; fileRef = 8E2957962F27CB2100EA144A /* PlantDetailScreenAction.swift */; };
		8E2957992F27CB2900EA144A /* PlantDetailScreenState.swift in Sources */ = {isa = PBXBuildFile; fileRef = 8E2957982F27CB2900EA144A /* PlantDetailScreenState.swift */; };
		8E29579B2F293D3900EA144A /* MasonryLayout.swift in Sources */ = {isa = PBXBuildFile; fileRef = 8E29579A2F293D3900EA144A /* MasonryLayout.swift */; };
		8E29579E2F293E4100EA144A /* BoxScreenStore.swift in Sources */ = {isa = PBXBuildFile; fileRef = 8E29579D2F293E4100EA144A /* BoxScreenStore.swift */; };
		8E2957A02F293E4A00EA144A /* BoxScreenState.swift in Sources */ = {isa = PBXBuildFile; fileRef = 8E29579F2F293E4A00EA144A /* BoxScreenState.swift */; };
		8E2957A22F293E5400EA144A /* BoxScreenAction.swift in Sources */ = {isa = PBXBuildFile; fileRef = 8E2957A12F293E5400EA144A /* BoxScreenAction.swift */; };
		8E2957A42F2A55AA00EA144A /* DecorRepository.swift in Sources */ = {isa = PBXBuildFile; fileRef = 8E2957A32F2A55AA00EA144A /* DecorRepository.swift */; };
		8E2E5EE42EF853F000B91347 /* AppCoordinator.swift in Sources */ = {isa = PBXBuildFile; fileRef = 8E2E5EE32EF853F000B91347 /* AppCoordinator.swift */; };
		8E2E5EE72EF8546000B91347 /* PlantDetailScreen.swift in Sources */ = {isa = PBXBuildFile; fileRef = 8E2E5EE62EF8546000B91347 /* PlantDetailScreen.swift */; };
		8E5B33F92EFDD59000354CAB /* Date + extension.swift in Sources */ = {isa = PBXBuildFile; fileRef = 8E5B33F82EFDD59000354CAB /* Date + extension.swift */; };
		8E5B34192EFEADD200354CAB /* Rarity.swift in Sources */ = {isa = PBXBuildFile; fileRef = 8E5B34182EFEADD200354CAB /* Rarity.swift */; };
		8E5B34652F0276C400354CAB /* StampatelloFaceto.otf in Resources */ = {isa = PBXBuildFile; fileRef = 8E5B34642F0276C400354CAB /* StampatelloFaceto.otf */; };
		8E5B34672F02789200354CAB /* Underdog-Regular.ttf in Resources */ = {isa = PBXBuildFile; fileRef = 8E5B34662F02789200354CAB /* Underdog-Regular.ttf */; };
		8E6344612F17F37900B966E0 /* ScrollViewSwipeActionModifier.swift in Sources */ = {isa = PBXBuildFile; fileRef = 8E6344602F17F37900B966E0 /* ScrollViewSwipeActionModifier.swift */; };
		8E6AD7702F3263270041568F /* DecorTypePreview.swift in Sources */ = {isa = PBXBuildFile; fileRef = 8E6AD76F2F3263270041568F /* DecorTypePreview.swift */; };
		8E6AD7722F326F3C0041568F /* DataPrefether.swift in Sources */ = {isa = PBXBuildFile; fileRef = 8E6AD7712F326F3C0041568F /* DataPrefether.swift */; };
		8E6AD7742F3276300041568F /* RepositoryFactory.swift in Sources */ = {isa = PBXBuildFile; fileRef = 8E6AD7732F3276300041568F /* RepositoryFactory.swift */; };
		8E6AD7762F327A170041568F /* BaseFile.swift in Sources */ = {isa = PBXBuildFile; fileRef = 8E6AD7752F327A170041568F /* BaseFile.swift */; };
		8E6AD7782F328FC90041568F /* RepositoryFactoryMock.swift in Sources */ = {isa = PBXBuildFile; fileRef = 8E6AD7772F328FC90041568F /* RepositoryFactoryMock.swift */; };
		8E6C3E9E2F1137630074CD4E /* GRDB in Frameworks */ = {isa = PBXBuildFile; productRef = 8E6C3E9D2F1137630074CD4E /* GRDB */; };
		8E6EAD992F16B82400BFB40C /* FloatingPoint + extension.swift in Sources */ = {isa = PBXBuildFile; fileRef = 8E6EAD982F16B82400BFB40C /* FloatingPoint + extension.swift */; };
		8E7240C62EE23D0700D08CE7 /* TextureOverlay.swift in Sources */ = {isa = PBXBuildFile; fileRef = 8E7240C52EE23D0700D08CE7 /* TextureOverlay.swift */; };
		8E7240C82EE23D3100D08CE7 /* View + Modifiers.swift in Sources */ = {isa = PBXBuildFile; fileRef = 8E7240C72EE23D3100D08CE7 /* View + Modifiers.swift */; };
		8E7240CC2EE265E800D08CE7 /* RainEffectModifier.swift in Sources */ = {isa = PBXBuildFile; fileRef = 8E7240CB2EE265E800D08CE7 /* RainEffectModifier.swift */; };
		8E75DE102E5A2EC50004C3D3 /* ProgressScreen.swift in Sources */ = {isa = PBXBuildFile; fileRef = 8E75DE0F2E5A2EC50004C3D3 /* ProgressScreen.swift */; };
		8E75DE122E5A2EE60004C3D3 /* ProgressScreenStore.swift in Sources */ = {isa = PBXBuildFile; fileRef = 8E75DE112E5A2EE50004C3D3 /* ProgressScreenStore.swift */; };
		8E75DE142E5A306C0004C3D3 /* TimerView.swift in Sources */ = {isa = PBXBuildFile; fileRef = 8E75DE132E5A306C0004C3D3 /* TimerView.swift */; };
		8E75DE182E5A3BEE0004C3D3 /* PlantPreview.swift in Sources */ = {isa = PBXBuildFile; fileRef = 8E75DE172E5A3BEE0004C3D3 /* PlantPreview.swift */; };
		8E7A7FE22EDF959400575A81 /* DrawText.swift in Sources */ = {isa = PBXBuildFile; fileRef = 8E7A7FE12EDF959400575A81 /* DrawText.swift */; };
		8E7EFC6B2F23CF8F00D10C58 /* decor1.gif in Resources */ = {isa = PBXBuildFile; fileRef = 8E7EFC672F23CF8F00D10C58 /* decor1.gif */; };
		8E7EFC6C2F23CF8F00D10C58 /* decor2.png in Resources */ = {isa = PBXBuildFile; fileRef = 8E7EFC682F23CF8F00D10C58 /* decor2.png */; };
		8E7EFC6D2F23CF8F00D10C58 /* decor3.png in Resources */ = {isa = PBXBuildFile; fileRef = 8E7EFC692F23CF8F00D10C58 /* decor3.png */; };
		8E7EFC6F2F23D34900D10C58 /* DecorView.swift in Sources */ = {isa = PBXBuildFile; fileRef = 8E7EFC6E2F23D34900D10C58 /* DecorView.swift */; };
		8E7EFC762F24049700D10C58 /* Supabase in Frameworks */ = {isa = PBXBuildFile; productRef = 8E7EFC752F24049700D10C58 /* Supabase */; };
		8E7EFC782F24E87B00D10C58 /* RemoteContentRepository.swift in Sources */ = {isa = PBXBuildFile; fileRef = 8E7EFC772F24E87B00D10C58 /* RemoteContentRepository.swift */; };
		8E7EFC7A2F24F88900D10C58 /* ChallengeRepository.swift in Sources */ = {isa = PBXBuildFile; fileRef = 8E7EFC792F24F88900D10C58 /* ChallengeRepository.swift */; };
		8E7EFC7C2F254F3300D10C58 /* LocalImageStore.swift in Sources */ = {isa = PBXBuildFile; fileRef = 8E7EFC7B2F254F3300D10C58 /* LocalImageStore.swift */; };
		8E7EFC7E2F254F7F00D10C58 /* Data + extension.swift in Sources */ = {isa = PBXBuildFile; fileRef = 8E7EFC7D2F254F7F00D10C58 /* Data + extension.swift */; };
		8E7EFC832F2550BD00D10C58 /* ChallengeSeasonRemote.swift in Sources */ = {isa = PBXBuildFile; fileRef = 8E7EFC822F2550BD00D10C58 /* ChallengeSeasonRemote.swift */; };
		8E7EFC852F2550D300D10C58 /* ChallengeModel.swift in Sources */ = {isa = PBXBuildFile; fileRef = 8E7EFC842F2550D300D10C58 /* ChallengeModel.swift */; };
		8E7EFC872F2550E400D10C58 /* DecorModel.swift in Sources */ = {isa = PBXBuildFile; fileRef = 8E7EFC862F2550E400D10C58 /* DecorModel.swift */; };
		8E7EFC892F25511800D10C58 /* ChallengeSeasonModelGRDB.swift in Sources */ = {isa = PBXBuildFile; fileRef = 8E7EFC882F25511800D10C58 /* ChallengeSeasonModelGRDB.swift */; };
		8E7EFC8B2F25514F00D10C58 /* ChallengeType.swift in Sources */ = {isa = PBXBuildFile; fileRef = 8E7EFC8A2F25514F00D10C58 /* ChallengeType.swift */; };
		8E7EFC8D2F25517900D10C58 /* DecorModelGRDB.swift in Sources */ = {isa = PBXBuildFile; fileRef = 8E7EFC8C2F25517900D10C58 /* DecorModelGRDB.swift */; };
		8E7EFC912F262FF200D10C58 /* BoxScreen.swift in Sources */ = {isa = PBXBuildFile; fileRef = 8E7EFC902F262FF200D10C58 /* BoxScreen.swift */; };
		8E85902D2F1D591500B6F614 /* SystemBlur.swift in Sources */ = {isa = PBXBuildFile; fileRef = 8E85902C2F1D591500B6F614 /* SystemBlur.swift */; };
		8E85902F2F1D593700B6F614 /* CustomColorPicker.swift in Sources */ = {isa = PBXBuildFile; fileRef = 8E85902E2F1D593700B6F614 /* CustomColorPicker.swift */; };
		8E869C712F225F6400DECCBF /* Сhallenge.swift in Sources */ = {isa = PBXBuildFile; fileRef = 8E869C702F225F6400DECCBF /* Сhallenge.swift */; };
		8E869C732F226F4C00DECCBF /* ChallengeService.swift in Sources */ = {isa = PBXBuildFile; fileRef = 8E869C722F226F4C00DECCBF /* ChallengeService.swift */; };
		8E869C762F2274ED00DECCBF /* ChallengeScreen.swift in Sources */ = {isa = PBXBuildFile; fileRef = 8E869C752F2274ED00DECCBF /* ChallengeScreen.swift */; };
		8E869C782F22750800DECCBF /* ChallengeState.swift in Sources */ = {isa = PBXBuildFile; fileRef = 8E869C772F22750800DECCBF /* ChallengeState.swift */; };
		8E869C7A2F22751500DECCBF /* ChallengeStore.swift in Sources */ = {isa = PBXBuildFile; fileRef = 8E869C792F22751500DECCBF /* ChallengeStore.swift */; };
		8E869C7C2F22751D00DECCBF /* ChallengeAction.swift in Sources */ = {isa = PBXBuildFile; fileRef = 8E869C7B2F22751D00DECCBF /* ChallengeAction.swift */; };
		8E886B242F1BA2570001A734 /* AppStore + methods.swift in Sources */ = {isa = PBXBuildFile; fileRef = 8E886B232F1BA2570001A734 /* AppStore + methods.swift */; };
		8E886B272F1BA82F0001A734 /* TagsScreen.swift in Sources */ = {isa = PBXBuildFile; fileRef = 8E886B262F1BA82F0001A734 /* TagsScreen.swift */; };
		8E886B292F1BA8580001A734 /* TagsScreenState.swift in Sources */ = {isa = PBXBuildFile; fileRef = 8E886B282F1BA8580001A734 /* TagsScreenState.swift */; };
		8E886B2B2F1BA86F0001A734 /* TagsScreenStore.swift in Sources */ = {isa = PBXBuildFile; fileRef = 8E886B2A2F1BA86F0001A734 /* TagsScreenStore.swift */; };
		8E886B2D2F1BA8870001A734 /* TagsScreenAction.swift in Sources */ = {isa = PBXBuildFile; fileRef = 8E886B2C2F1BA8870001A734 /* TagsScreenAction.swift */; };
		8E941BB12F21078D002F0B07 /* SDWebImageSwiftUI in Frameworks */ = {isa = PBXBuildFile; productRef = 8E941BB02F21078D002F0B07 /* SDWebImageSwiftUI */; };
		8E941BB62F21289C002F0B07 /* Decor.swift in Sources */ = {isa = PBXBuildFile; fileRef = 8E941BB52F21289C002F0B07 /* Decor.swift */; };
		8EA1C9BA2EFC546600DF690F /* RarityView.swift in Sources */ = {isa = PBXBuildFile; fileRef = 8EA1C9B92EFC546600DF690F /* RarityView.swift */; };
		8EA1C9D32EFD836700DF690F /* Note.swift in Sources */ = {isa = PBXBuildFile; fileRef = 8EA1C9D22EFD836700DF690F /* Note.swift */; };
		8EA1C9D52EFD84EA00DF690F /* TagStatisticsView.swift in Sources */ = {isa = PBXBuildFile; fileRef = 8EA1C9D42EFD84EA00DF690F /* TagStatisticsView.swift */; };
		8EA1C9D72EFD909900DF690F /* K2D-Light.ttf in Resources */ = {isa = PBXBuildFile; fileRef = 8EA1C9D62EFD909900DF690F /* K2D-Light.ttf */; };
		8EA1C9D92EFDB34C00DF690F /* PieChartView.swift in Sources */ = {isa = PBXBuildFile; fileRef = 8EA1C9D82EFDB34C00DF690F /* PieChartView.swift */; };
		8EAF67C52EF33AB500780BB9 /* RoomFeatureStore.swift in Sources */ = {isa = PBXBuildFile; fileRef = 8EAF67C42EF33AB500780BB9 /* RoomFeatureStore.swift */; };
		8EAF67C72EF33AC100780BB9 /* FeatureStore.swift in Sources */ = {isa = PBXBuildFile; fileRef = 8EAF67C62EF33AC100780BB9 /* FeatureStore.swift */; };
		8EAF67CB2EF3520200780BB9 /* AppActions.swift in Sources */ = {isa = PBXBuildFile; fileRef = 8EAF67CA2EF3520200780BB9 /* AppActions.swift */; };
		8EAF67CE2EF3529000780BB9 /* RoomFeatureAction.swift in Sources */ = {isa = PBXBuildFile; fileRef = 8EAF67CD2EF3529000780BB9 /* RoomFeatureAction.swift */; };
		8EAF67D02EF352C700780BB9 /* PlantViewState.swift in Sources */ = {isa = PBXBuildFile; fileRef = 8EAF67CF2EF352C700780BB9 /* PlantViewState.swift */; };
		8EAF67D22EF352E300780BB9 /* RoomViewState.swift in Sources */ = {isa = PBXBuildFile; fileRef = 8EAF67D12EF352E300780BB9 /* RoomViewState.swift */; };
		8EAF68042EF4704600780BB9 /* HomeScreenState.swift in Sources */ = {isa = PBXBuildFile; fileRef = 8EAF68032EF4704600780BB9 /* HomeScreenState.swift */; };
		8EAF68062EF471E300780BB9 /* HomeScreenAction.swift in Sources */ = {isa = PBXBuildFile; fileRef = 8EAF68052EF471E300780BB9 /* HomeScreenAction.swift */; };
		8EAF68082EF4800300780BB9 /* Int + extension.swift in Sources */ = {isa = PBXBuildFile; fileRef = 8EAF68072EF4800300780BB9 /* Int + extension.swift */; };
		8EBF147A2DE657A700422876 /* Font +.swift in Sources */ = {isa = PBXBuildFile; fileRef = 8EBF14792DE657A700422876 /* Font +.swift */; };
		8EBF147E2DE667F900422876 /* SedgwickAve-Regular.ttf in Resources */ = {isa = PBXBuildFile; fileRef = 8EBF147D2DE667F900422876 /* SedgwickAve-Regular.ttf */; };
		8EBF14812DE6689E00422876 /* K2D-MediumItalic.ttf in Resources */ = {isa = PBXBuildFile; fileRef = 8EBF14802DE6689E00422876 /* K2D-MediumItalic.ttf */; };
		8EBF14822DE6689E00422876 /* K2D-ExtraLightItalic.ttf in Resources */ = {isa = PBXBuildFile; fileRef = 8EBF147F2DE6689E00422876 /* K2D-ExtraLightItalic.ttf */; };
		8EC86DF72E06208600AA6AFA /* PlantView.swift in Sources */ = {isa = PBXBuildFile; fileRef = 8EC86DF62E06208600AA6AFA /* PlantView.swift */; };
		8EC86E052E06215C00AA6AFA /* Vibration.swift in Sources */ = {isa = PBXBuildFile; fileRef = 8EC86E042E06215C00AA6AFA /* Vibration.swift */; };
		8EC86E072E0628E400AA6AFA /* DustView.swift in Sources */ = {isa = PBXBuildFile; fileRef = 8EC86E062E0628E400AA6AFA /* DustView.swift */; };
		8EC86E152E06C75400AA6AFA /* RoomType.swift in Sources */ = {isa = PBXBuildFile; fileRef = 8EC86E142E06C75400AA6AFA /* RoomType.swift */; };
		8EC86E192E06C9E800AA6AFA /* ShelfType.swift in Sources */ = {isa = PBXBuildFile; fileRef = 8EC86E182E06C9E800AA6AFA /* ShelfType.swift */; };
		8EC86E272E06D01B00AA6AFA /* HomeScreenStore.swift in Sources */ = {isa = PBXBuildFile; fileRef = 8EC86E262E06D01B00AA6AFA /* HomeScreenStore.swift */; };
		8EC86E2D2E06D97B00AA6AFA /* Collection + extension.swift in Sources */ = {isa = PBXBuildFile; fileRef = 8EC86E2C2E06D97B00AA6AFA /* Collection + extension.swift */; };
		8EC86E2F2E06E38600AA6AFA /* View + extension.swift in Sources */ = {isa = PBXBuildFile; fileRef = 8EC86E2E2E06E38600AA6AFA /* View + extension.swift */; };
		8EC86E312E06E81F00AA6AFA /* EditRoomScreen.swift in Sources */ = {isa = PBXBuildFile; fileRef = 8EC86E302E06E81F00AA6AFA /* EditRoomScreen.swift */; };
		8EC86F082E0F3A6000AA6AFA /* FlatShadow.swift in Sources */ = {isa = PBXBuildFile; fileRef = 8EC86F072E0F3A6000AA6AFA /* FlatShadow.swift */; };
		8EC86F512E18442000AA6AFA /* LoopingFramesView.swift in Sources */ = {isa = PBXBuildFile; fileRef = 8EC86F502E18442000AA6AFA /* LoopingFramesView.swift */; };
		8EC86F532E18547600AA6AFA /* Color + extension.swift in Sources */ = {isa = PBXBuildFile; fileRef = 8EC86F522E18547600AA6AFA /* Color + extension.swift */; };
		8ED63A872F1273780013632F /* BaseRepository.swift in Sources */ = {isa = PBXBuildFile; fileRef = 8ED63A712F1273780013632F /* BaseRepository.swift */; };
		8ED63A882F1273780013632F /* DatabaseManager.swift in Sources */ = {isa = PBXBuildFile; fileRef = 8ED63A722F1273780013632F /* DatabaseManager.swift */; };
		8ED63A892F1273780013632F /* NoteModelGRDB.swift in Sources */ = {isa = PBXBuildFile; fileRef = 8ED63A742F1273780013632F /* NoteModelGRDB.swift */; };
		8ED63A8A2F1273780013632F /* PlantModelGRDB.swift in Sources */ = {isa = PBXBuildFile; fileRef = 8ED63A752F1273780013632F /* PlantModelGRDB.swift */; };
		8ED63A8B2F1273780013632F /* PotModelGRDB.swift in Sources */ = {isa = PBXBuildFile; fileRef = 8ED63A762F1273780013632F /* PotModelGRDB.swift */; };
		8ED63A8C2F1273780013632F /* RoomModelGRDB.swift in Sources */ = {isa = PBXBuildFile; fileRef = 8ED63A772F1273780013632F /* RoomModelGRDB.swift */; };
		8ED63A8D2F1273780013632F /* SeedModelGRDB.swift in Sources */ = {isa = PBXBuildFile; fileRef = 8ED63A782F1273780013632F /* SeedModelGRDB.swift */; };
		8ED63A8E2F1273780013632F /* ShelfModelGRDB.swift in Sources */ = {isa = PBXBuildFile; fileRef = 8ED63A792F1273780013632F /* ShelfModelGRDB.swift */; };
		8ED63A8F2F1273780013632F /* TagModelGRDB.swift in Sources */ = {isa = PBXBuildFile; fileRef = 8ED63A7A2F1273780013632F /* TagModelGRDB.swift */; };
		8ED63A902F1273780013632F /* UserRoomModelGRDB.swift in Sources */ = {isa = PBXBuildFile; fileRef = 8ED63A7B2F1273780013632F /* UserRoomModelGRDB.swift */; };
		8ED63A912F1273780013632F /* PlantRepository.swift in Sources */ = {isa = PBXBuildFile; fileRef = 8ED63A7D2F1273780013632F /* PlantRepository.swift */; };
		8ED63A922F1273780013632F /* PotRepository.swift in Sources */ = {isa = PBXBuildFile; fileRef = 8ED63A7E2F1273780013632F /* PotRepository.swift */; };
		8ED63A932F1273780013632F /* RoomRepository.swift in Sources */ = {isa = PBXBuildFile; fileRef = 8ED63A7F2F1273780013632F /* RoomRepository.swift */; };
		8ED63A942F1273780013632F /* SeedRepository.swift in Sources */ = {isa = PBXBuildFile; fileRef = 8ED63A802F1273780013632F /* SeedRepository.swift */; };
		8ED63A952F1273780013632F /* ShelfRepository.swift in Sources */ = {isa = PBXBuildFile; fileRef = 8ED63A812F1273780013632F /* ShelfRepository.swift */; };
		8ED63A962F1273780013632F /* TagRepository.swift in Sources */ = {isa = PBXBuildFile; fileRef = 8ED63A822F1273780013632F /* TagRepository.swift */; };
		8ED63A972F1273780013632F /* UserRoomRepository.swift in Sources */ = {isa = PBXBuildFile; fileRef = 8ED63A832F1273780013632F /* UserRoomRepository.swift */; };
		8ED63A982F1273780013632F /* DefaultModels.swift in Sources */ = {isa = PBXBuildFile; fileRef = 8ED63A852F1273780013632F /* DefaultModels.swift */; };
		8ED72C3F2F02C56E008E6869 /* Localizable.xcstrings in Resources */ = {isa = PBXBuildFile; fileRef = 8ED72C3E2F02C56E008E6869 /* Localizable.xcstrings */; };
		8ED72C412F02E1D8008E6869 /* JSONLocalizationService.swift in Sources */ = {isa = PBXBuildFile; fileRef = 8ED72C402F02E1D8008E6869 /* JSONLocalizationService.swift */; };
		8ED72C432F02E2E1008E6869 /* remote_localization.json in Resources */ = {isa = PBXBuildFile; fileRef = 8ED72C422F02E2E1008E6869 /* remote_localization.json */; };
		8ED72C862F07D517008E6869 /* DebugScreenView.swift in Sources */ = {isa = PBXBuildFile; fileRef = 8ED72C852F07D517008E6869 /* DebugScreenView.swift */; };
		8ED8B3012F2FC60F008FA843 /* RewardChallengeView.swift in Sources */ = {isa = PBXBuildFile; fileRef = 8ED8B3002F2FC60F008FA843 /* RewardChallengeView.swift */; };
		8ED8B3032F2FC625008FA843 /* RewardChallengeStore.swift in Sources */ = {isa = PBXBuildFile; fileRef = 8ED8B3022F2FC625008FA843 /* RewardChallengeStore.swift */; };
		8ED8B3052F2FC62A008FA843 /* RewardChallengeState.swift in Sources */ = {isa = PBXBuildFile; fileRef = 8ED8B3042F2FC62A008FA843 /* RewardChallengeState.swift */; };
		8ED8B3072F2FD38E008FA843 /* RewardChallengeAction.swift in Sources */ = {isa = PBXBuildFile; fileRef = 8ED8B3062F2FD38E008FA843 /* RewardChallengeAction.swift */; };
		8EE4C5A02E7A10A000818D95 /* EdgeInsets + extension.swift in Sources */ = {isa = PBXBuildFile; fileRef = 8EE4C59F2E7A10A000818D95 /* EdgeInsets + extension.swift */; };
		8EE4C5A22E7A126600818D95 /* TextureButton.swift in Sources */ = {isa = PBXBuildFile; fileRef = 8EE4C5A12E7A126600818D95 /* TextureButton.swift */; };
		8EE61D362F1AB020002E8B30 /* EditRoomStore.swift in Sources */ = {isa = PBXBuildFile; fileRef = 8EE61D352F1AB020002E8B30 /* EditRoomStore.swift */; };
		8EE61D382F1AB029002E8B30 /* EditRoomState.swift in Sources */ = {isa = PBXBuildFile; fileRef = 8EE61D372F1AB029002E8B30 /* EditRoomState.swift */; };
		8EE61D3A2F1AB034002E8B30 /* EditRoomActions.swift in Sources */ = {isa = PBXBuildFile; fileRef = 8EE61D392F1AB034002E8B30 /* EditRoomActions.swift */; };
		8EEB2E892E7B54CF00D0F736 /* TagView.swift in Sources */ = {isa = PBXBuildFile; fileRef = 8EEB2E882E7B54CF00D0F736 /* TagView.swift */; };
		8EF5754B2DCE3F3A00AEC31A /* TimeToSowApp.swift in Sources */ = {isa = PBXBuildFile; fileRef = 8EF5753A2DCE3F3A00AEC31A /* TimeToSowApp.swift */; };
		8EF5754C2DCE3F3A00AEC31A /* UserRoom.swift in Sources */ = {isa = PBXBuildFile; fileRef = 8EF5753D2DCE3F3A00AEC31A /* UserRoom.swift */; };
		8EF5754D2DCE3F3A00AEC31A /* HomeScreen.swift in Sources */ = {isa = PBXBuildFile; fileRef = 8EF575432DCE3F3A00AEC31A /* HomeScreen.swift */; };
		8EF5754E2DCE3F3A00AEC31A /* AppStore.swift in Sources */ = {isa = PBXBuildFile; fileRef = 8EF575452DCE3F3A00AEC31A /* AppStore.swift */; };
		8EF575502DCE3F3A00AEC31A /* ScreenBuilder.swift in Sources */ = {isa = PBXBuildFile; fileRef = 8EF575482DCE3F3A00AEC31A /* ScreenBuilder.swift */; };
		8EF575512DCE3F3A00AEC31A /* Preview Assets.xcassets in Resources */ = {isa = PBXBuildFile; fileRef = 8EF5753F2DCE3F3A00AEC31A /* Preview Assets.xcassets */; };
		8EF575522DCE3F3A00AEC31A /* Assets.xcassets in Resources */ = {isa = PBXBuildFile; fileRef = 8EF575412DCE3F3A00AEC31A /* Assets.xcassets */; };
		8EF575612DCE432300AEC31A /* Plant.swift in Sources */ = {isa = PBXBuildFile; fileRef = 8EF575602DCE432300AEC31A /* Plant.swift */; };
		8EF575632DCE433900AEC31A /* Pot.swift in Sources */ = {isa = PBXBuildFile; fileRef = 8EF575622DCE433900AEC31A /* Pot.swift */; };
		8EF575652DCE434B00AEC31A /* Seed.swift in Sources */ = {isa = PBXBuildFile; fileRef = 8EF575642DCE434B00AEC31A /* Seed.swift */; };
		8EF575672DCE435800AEC31A /* Tag.swift in Sources */ = {isa = PBXBuildFile; fileRef = 8EF575662DCE435800AEC31A /* Tag.swift */; };
		8EF575692DCE49D600AEC31A /* EnvironmentValues.swift in Sources */ = {isa = PBXBuildFile; fileRef = 8EF575682DCE49D600AEC31A /* EnvironmentValues.swift */; };
		8EF5756D2DCE4E8700AEC31A /* RoomView.swift in Sources */ = {isa = PBXBuildFile; fileRef = 8EF5756C2DCE4E8700AEC31A /* RoomView.swift */; };
		8EF575892DDA00E200AEC31A /* TimePickerView.swift in Sources */ = {isa = PBXBuildFile; fileRef = 8EF575882DDA00E200AEC31A /* TimePickerView.swift */; };
		8EFEEEBE2F0AE71E00857A23 /* SendTimerView.swift in Sources */ = {isa = PBXBuildFile; fileRef = 8EFEEEBD2F0AE71E00857A23 /* SendTimerView.swift */; };
		8EFEEEE02F0D201000857A23 /* ProgressScreenAction.swift in Sources */ = {isa = PBXBuildFile; fileRef = 8EFEEEDF2F0D201000857A23 /* ProgressScreenAction.swift */; };
		8EFEEEF32F0E587600857A23 /* HistoryScreen.swift in Sources */ = {isa = PBXBuildFile; fileRef = 8EFEEEF22F0E587600857A23 /* HistoryScreen.swift */; };
		8EFEEEF52F0E589100857A23 /* HistoryScreenState.swift in Sources */ = {isa = PBXBuildFile; fileRef = 8EFEEEF42F0E589100857A23 /* HistoryScreenState.swift */; };
		8EFEEEF72F0E589C00857A23 /* HistoryScreenStore.swift in Sources */ = {isa = PBXBuildFile; fileRef = 8EFEEEF62F0E589C00857A23 /* HistoryScreenStore.swift */; };
		8EFEEEF92F0E58A700857A23 /* HistoryScreenAction.swift in Sources */ = {isa = PBXBuildFile; fileRef = 8EFEEEF82F0E58A700857A23 /* HistoryScreenAction.swift */; };
		8EFEEEFB2F0E805E00857A23 /* RecordsHistoryView.swift in Sources */ = {isa = PBXBuildFile; fileRef = 8EFEEEFA2F0E805E00857A23 /* RecordsHistoryView.swift */; };
/* End PBXBuildFile section */

/* Begin PBXFileReference section */
		8E13E1CC2E7A00E700E5CA1F /* TextureView.swift */ = {isa = PBXFileReference; lastKnownFileType = sourcecode.swift; path = TextureView.swift; sourceTree = "<group>"; };
		8E201B542F127718002B49A1 /* Logger.swift */ = {isa = PBXFileReference; lastKnownFileType = sourcecode.swift; path = Logger.swift; sourceTree = "<group>"; };
		8E2957922F26679500EA144A /* DecorTypeModelGRDB.swift */ = {isa = PBXFileReference; lastKnownFileType = sourcecode.swift; path = DecorTypeModelGRDB.swift; sourceTree = "<group>"; };
		8E2957942F27CB1800EA144A /* PlantDetailScreenStore.swift */ = {isa = PBXFileReference; lastKnownFileType = sourcecode.swift; path = PlantDetailScreenStore.swift; sourceTree = "<group>"; };
		8E2957962F27CB2100EA144A /* PlantDetailScreenAction.swift */ = {isa = PBXFileReference; lastKnownFileType = sourcecode.swift; path = PlantDetailScreenAction.swift; sourceTree = "<group>"; };
		8E2957982F27CB2900EA144A /* PlantDetailScreenState.swift */ = {isa = PBXFileReference; lastKnownFileType = sourcecode.swift; path = PlantDetailScreenState.swift; sourceTree = "<group>"; };
		8E29579A2F293D3900EA144A /* MasonryLayout.swift */ = {isa = PBXFileReference; lastKnownFileType = sourcecode.swift; path = MasonryLayout.swift; sourceTree = "<group>"; };
		8E29579D2F293E4100EA144A /* BoxScreenStore.swift */ = {isa = PBXFileReference; lastKnownFileType = sourcecode.swift; path = BoxScreenStore.swift; sourceTree = "<group>"; };
		8E29579F2F293E4A00EA144A /* BoxScreenState.swift */ = {isa = PBXFileReference; lastKnownFileType = sourcecode.swift; path = BoxScreenState.swift; sourceTree = "<group>"; };
		8E2957A12F293E5400EA144A /* BoxScreenAction.swift */ = {isa = PBXFileReference; lastKnownFileType = sourcecode.swift; path = BoxScreenAction.swift; sourceTree = "<group>"; };
		8E2957A32F2A55AA00EA144A /* DecorRepository.swift */ = {isa = PBXFileReference; lastKnownFileType = sourcecode.swift; path = DecorRepository.swift; sourceTree = "<group>"; };
		8E2E5EE32EF853F000B91347 /* AppCoordinator.swift */ = {isa = PBXFileReference; lastKnownFileType = sourcecode.swift; path = AppCoordinator.swift; sourceTree = "<group>"; };
		8E2E5EE62EF8546000B91347 /* PlantDetailScreen.swift */ = {isa = PBXFileReference; lastKnownFileType = sourcecode.swift; path = PlantDetailScreen.swift; sourceTree = "<group>"; };
		8E5B33F82EFDD59000354CAB /* Date + extension.swift */ = {isa = PBXFileReference; lastKnownFileType = sourcecode.swift; path = "Date + extension.swift"; sourceTree = "<group>"; };
		8E5B34182EFEADD200354CAB /* Rarity.swift */ = {isa = PBXFileReference; lastKnownFileType = sourcecode.swift; path = Rarity.swift; sourceTree = "<group>"; };
		8E5B34642F0276C400354CAB /* StampatelloFaceto.otf */ = {isa = PBXFileReference; lastKnownFileType = file; path = StampatelloFaceto.otf; sourceTree = "<group>"; };
		8E5B34662F02789200354CAB /* Underdog-Regular.ttf */ = {isa = PBXFileReference; lastKnownFileType = file; path = "Underdog-Regular.ttf"; sourceTree = "<group>"; };
		8E6344602F17F37900B966E0 /* ScrollViewSwipeActionModifier.swift */ = {isa = PBXFileReference; lastKnownFileType = sourcecode.swift; path = ScrollViewSwipeActionModifier.swift; sourceTree = "<group>"; };
		8E6AD76F2F3263270041568F /* DecorTypePreview.swift */ = {isa = PBXFileReference; lastKnownFileType = sourcecode.swift; path = DecorTypePreview.swift; sourceTree = "<group>"; };
		8E6AD7712F326F3C0041568F /* DataPrefether.swift */ = {isa = PBXFileReference; lastKnownFileType = sourcecode.swift; path = DataPrefether.swift; sourceTree = "<group>"; };
		8E6AD7732F3276300041568F /* RepositoryFactory.swift */ = {isa = PBXFileReference; lastKnownFileType = sourcecode.swift; path = RepositoryFactory.swift; sourceTree = "<group>"; };
		8E6AD7752F327A170041568F /* BaseFile.swift */ = {isa = PBXFileReference; lastKnownFileType = sourcecode.swift; path = BaseFile.swift; sourceTree = "<group>"; };
		8E6AD7772F328FC90041568F /* RepositoryFactoryMock.swift */ = {isa = PBXFileReference; lastKnownFileType = sourcecode.swift; path = RepositoryFactoryMock.swift; sourceTree = "<group>"; };
		8E6EAD982F16B82400BFB40C /* FloatingPoint + extension.swift */ = {isa = PBXFileReference; lastKnownFileType = sourcecode.swift; path = "FloatingPoint + extension.swift"; sourceTree = "<group>"; };
		8E7240C52EE23D0700D08CE7 /* TextureOverlay.swift */ = {isa = PBXFileReference; lastKnownFileType = sourcecode.swift; path = TextureOverlay.swift; sourceTree = "<group>"; };
		8E7240C72EE23D3100D08CE7 /* View + Modifiers.swift */ = {isa = PBXFileReference; lastKnownFileType = sourcecode.swift; path = "View + Modifiers.swift"; sourceTree = "<group>"; };
		8E7240CB2EE265E800D08CE7 /* RainEffectModifier.swift */ = {isa = PBXFileReference; lastKnownFileType = sourcecode.swift; path = RainEffectModifier.swift; sourceTree = "<group>"; };
		8E75DE0F2E5A2EC50004C3D3 /* ProgressScreen.swift */ = {isa = PBXFileReference; lastKnownFileType = sourcecode.swift; path = ProgressScreen.swift; sourceTree = "<group>"; };
		8E75DE112E5A2EE50004C3D3 /* ProgressScreenStore.swift */ = {isa = PBXFileReference; lastKnownFileType = sourcecode.swift; path = ProgressScreenStore.swift; sourceTree = "<group>"; };
		8E75DE132E5A306C0004C3D3 /* TimerView.swift */ = {isa = PBXFileReference; lastKnownFileType = sourcecode.swift; path = TimerView.swift; sourceTree = "<group>"; };
		8E75DE172E5A3BEE0004C3D3 /* PlantPreview.swift */ = {isa = PBXFileReference; lastKnownFileType = sourcecode.swift; path = PlantPreview.swift; sourceTree = "<group>"; };
		8E7A7FE12EDF959400575A81 /* DrawText.swift */ = {isa = PBXFileReference; lastKnownFileType = sourcecode.swift; path = DrawText.swift; sourceTree = "<group>"; };
		8E7EFC672F23CF8F00D10C58 /* decor1.gif */ = {isa = PBXFileReference; lastKnownFileType = image.gif; path = decor1.gif; sourceTree = "<group>"; };
		8E7EFC682F23CF8F00D10C58 /* decor2.png */ = {isa = PBXFileReference; lastKnownFileType = image.png; path = decor2.png; sourceTree = "<group>"; };
		8E7EFC692F23CF8F00D10C58 /* decor3.png */ = {isa = PBXFileReference; lastKnownFileType = image.png; path = decor3.png; sourceTree = "<group>"; };
		8E7EFC6E2F23D34900D10C58 /* DecorView.swift */ = {isa = PBXFileReference; lastKnownFileType = sourcecode.swift; path = DecorView.swift; sourceTree = "<group>"; };
		8E7EFC772F24E87B00D10C58 /* RemoteContentRepository.swift */ = {isa = PBXFileReference; lastKnownFileType = sourcecode.swift; path = RemoteContentRepository.swift; sourceTree = "<group>"; };
		8E7EFC792F24F88900D10C58 /* ChallengeRepository.swift */ = {isa = PBXFileReference; lastKnownFileType = sourcecode.swift; path = ChallengeRepository.swift; sourceTree = "<group>"; };
		8E7EFC7B2F254F3300D10C58 /* LocalImageStore.swift */ = {isa = PBXFileReference; lastKnownFileType = sourcecode.swift; path = LocalImageStore.swift; sourceTree = "<group>"; };
		8E7EFC7D2F254F7F00D10C58 /* Data + extension.swift */ = {isa = PBXFileReference; lastKnownFileType = sourcecode.swift; path = "Data + extension.swift"; sourceTree = "<group>"; };
		8E7EFC822F2550BD00D10C58 /* ChallengeSeasonRemote.swift */ = {isa = PBXFileReference; lastKnownFileType = sourcecode.swift; path = ChallengeSeasonRemote.swift; sourceTree = "<group>"; };
		8E7EFC842F2550D300D10C58 /* ChallengeModel.swift */ = {isa = PBXFileReference; lastKnownFileType = sourcecode.swift; path = ChallengeModel.swift; sourceTree = "<group>"; };
		8E7EFC862F2550E400D10C58 /* DecorModel.swift */ = {isa = PBXFileReference; lastKnownFileType = sourcecode.swift; path = DecorModel.swift; sourceTree = "<group>"; };
		8E7EFC882F25511800D10C58 /* ChallengeSeasonModelGRDB.swift */ = {isa = PBXFileReference; lastKnownFileType = sourcecode.swift; path = ChallengeSeasonModelGRDB.swift; sourceTree = "<group>"; };
		8E7EFC8A2F25514F00D10C58 /* ChallengeType.swift */ = {isa = PBXFileReference; lastKnownFileType = sourcecode.swift; path = ChallengeType.swift; sourceTree = "<group>"; };
		8E7EFC8C2F25517900D10C58 /* DecorModelGRDB.swift */ = {isa = PBXFileReference; lastKnownFileType = sourcecode.swift; path = DecorModelGRDB.swift; sourceTree = "<group>"; };
		8E7EFC902F262FF200D10C58 /* BoxScreen.swift */ = {isa = PBXFileReference; lastKnownFileType = sourcecode.swift; path = BoxScreen.swift; sourceTree = "<group>"; };
		8E85902C2F1D591500B6F614 /* SystemBlur.swift */ = {isa = PBXFileReference; lastKnownFileType = sourcecode.swift; path = SystemBlur.swift; sourceTree = "<group>"; };
		8E85902E2F1D593700B6F614 /* CustomColorPicker.swift */ = {isa = PBXFileReference; lastKnownFileType = sourcecode.swift; path = CustomColorPicker.swift; sourceTree = "<group>"; };
		8E869C702F225F6400DECCBF /* Сhallenge.swift */ = {isa = PBXFileReference; lastKnownFileType = sourcecode.swift; path = "Сhallenge.swift"; sourceTree = "<group>"; };
		8E869C722F226F4C00DECCBF /* ChallengeService.swift */ = {isa = PBXFileReference; lastKnownFileType = sourcecode.swift; path = ChallengeService.swift; sourceTree = "<group>"; };
		8E869C752F2274ED00DECCBF /* ChallengeScreen.swift */ = {isa = PBXFileReference; lastKnownFileType = sourcecode.swift; path = ChallengeScreen.swift; sourceTree = "<group>"; };
		8E869C772F22750800DECCBF /* ChallengeState.swift */ = {isa = PBXFileReference; lastKnownFileType = sourcecode.swift; path = ChallengeState.swift; sourceTree = "<group>"; };
		8E869C792F22751500DECCBF /* ChallengeStore.swift */ = {isa = PBXFileReference; lastKnownFileType = sourcecode.swift; path = ChallengeStore.swift; sourceTree = "<group>"; };
		8E869C7B2F22751D00DECCBF /* ChallengeAction.swift */ = {isa = PBXFileReference; lastKnownFileType = sourcecode.swift; path = ChallengeAction.swift; sourceTree = "<group>"; };
		8E886B232F1BA2570001A734 /* AppStore + methods.swift */ = {isa = PBXFileReference; lastKnownFileType = sourcecode.swift; path = "AppStore + methods.swift"; sourceTree = "<group>"; };
		8E886B262F1BA82F0001A734 /* TagsScreen.swift */ = {isa = PBXFileReference; lastKnownFileType = sourcecode.swift; path = TagsScreen.swift; sourceTree = "<group>"; };
		8E886B282F1BA8580001A734 /* TagsScreenState.swift */ = {isa = PBXFileReference; lastKnownFileType = sourcecode.swift; path = TagsScreenState.swift; sourceTree = "<group>"; };
		8E886B2A2F1BA86F0001A734 /* TagsScreenStore.swift */ = {isa = PBXFileReference; lastKnownFileType = sourcecode.swift; path = TagsScreenStore.swift; sourceTree = "<group>"; };
		8E886B2C2F1BA8870001A734 /* TagsScreenAction.swift */ = {isa = PBXFileReference; lastKnownFileType = sourcecode.swift; path = TagsScreenAction.swift; sourceTree = "<group>"; };
		8E941BB52F21289C002F0B07 /* Decor.swift */ = {isa = PBXFileReference; lastKnownFileType = sourcecode.swift; path = Decor.swift; sourceTree = "<group>"; };
		8EA1C9B92EFC546600DF690F /* RarityView.swift */ = {isa = PBXFileReference; lastKnownFileType = sourcecode.swift; path = RarityView.swift; sourceTree = "<group>"; };
		8EA1C9D22EFD836700DF690F /* Note.swift */ = {isa = PBXFileReference; lastKnownFileType = sourcecode.swift; path = Note.swift; sourceTree = "<group>"; };
		8EA1C9D42EFD84EA00DF690F /* TagStatisticsView.swift */ = {isa = PBXFileReference; lastKnownFileType = sourcecode.swift; path = TagStatisticsView.swift; sourceTree = "<group>"; };
		8EA1C9D62EFD909900DF690F /* K2D-Light.ttf */ = {isa = PBXFileReference; lastKnownFileType = file; path = "K2D-Light.ttf"; sourceTree = "<group>"; };
		8EA1C9D82EFDB34C00DF690F /* PieChartView.swift */ = {isa = PBXFileReference; lastKnownFileType = sourcecode.swift; path = PieChartView.swift; sourceTree = "<group>"; };
		8EAF67C42EF33AB500780BB9 /* RoomFeatureStore.swift */ = {isa = PBXFileReference; lastKnownFileType = sourcecode.swift; path = RoomFeatureStore.swift; sourceTree = "<group>"; };
		8EAF67C62EF33AC100780BB9 /* FeatureStore.swift */ = {isa = PBXFileReference; lastKnownFileType = sourcecode.swift; path = FeatureStore.swift; sourceTree = "<group>"; };
		8EAF67CA2EF3520200780BB9 /* AppActions.swift */ = {isa = PBXFileReference; lastKnownFileType = sourcecode.swift; path = AppActions.swift; sourceTree = "<group>"; };
		8EAF67CD2EF3529000780BB9 /* RoomFeatureAction.swift */ = {isa = PBXFileReference; lastKnownFileType = sourcecode.swift; path = RoomFeatureAction.swift; sourceTree = "<group>"; };
		8EAF67CF2EF352C700780BB9 /* PlantViewState.swift */ = {isa = PBXFileReference; lastKnownFileType = sourcecode.swift; path = PlantViewState.swift; sourceTree = "<group>"; };
		8EAF67D12EF352E300780BB9 /* RoomViewState.swift */ = {isa = PBXFileReference; lastKnownFileType = sourcecode.swift; path = RoomViewState.swift; sourceTree = "<group>"; };
		8EAF68032EF4704600780BB9 /* HomeScreenState.swift */ = {isa = PBXFileReference; lastKnownFileType = sourcecode.swift; path = HomeScreenState.swift; sourceTree = "<group>"; };
		8EAF68052EF471E300780BB9 /* HomeScreenAction.swift */ = {isa = PBXFileReference; lastKnownFileType = sourcecode.swift; path = HomeScreenAction.swift; sourceTree = "<group>"; };
		8EAF68072EF4800300780BB9 /* Int + extension.swift */ = {isa = PBXFileReference; lastKnownFileType = sourcecode.swift; path = "Int + extension.swift"; sourceTree = "<group>"; };
		8EBF14782DE6577800422876 /* Info.plist */ = {isa = PBXFileReference; lastKnownFileType = text.plist; path = Info.plist; sourceTree = "<group>"; };
		8EBF14792DE657A700422876 /* Font +.swift */ = {isa = PBXFileReference; lastKnownFileType = sourcecode.swift; path = "Font +.swift"; sourceTree = "<group>"; };
		8EBF147D2DE667F900422876 /* SedgwickAve-Regular.ttf */ = {isa = PBXFileReference; lastKnownFileType = file; path = "SedgwickAve-Regular.ttf"; sourceTree = "<group>"; };
		8EBF147F2DE6689E00422876 /* K2D-ExtraLightItalic.ttf */ = {isa = PBXFileReference; lastKnownFileType = file; path = "K2D-ExtraLightItalic.ttf"; sourceTree = "<group>"; };
		8EBF14802DE6689E00422876 /* K2D-MediumItalic.ttf */ = {isa = PBXFileReference; lastKnownFileType = file; path = "K2D-MediumItalic.ttf"; sourceTree = "<group>"; };
		8EC86DF62E06208600AA6AFA /* PlantView.swift */ = {isa = PBXFileReference; lastKnownFileType = sourcecode.swift; path = PlantView.swift; sourceTree = "<group>"; };
		8EC86E042E06215C00AA6AFA /* Vibration.swift */ = {isa = PBXFileReference; lastKnownFileType = sourcecode.swift; path = Vibration.swift; sourceTree = "<group>"; };
		8EC86E062E0628E400AA6AFA /* DustView.swift */ = {isa = PBXFileReference; lastKnownFileType = sourcecode.swift; path = DustView.swift; sourceTree = "<group>"; };
		8EC86E142E06C75400AA6AFA /* RoomType.swift */ = {isa = PBXFileReference; lastKnownFileType = sourcecode.swift; path = RoomType.swift; sourceTree = "<group>"; };
		8EC86E182E06C9E800AA6AFA /* ShelfType.swift */ = {isa = PBXFileReference; lastKnownFileType = sourcecode.swift; path = ShelfType.swift; sourceTree = "<group>"; };
		8EC86E262E06D01B00AA6AFA /* HomeScreenStore.swift */ = {isa = PBXFileReference; lastKnownFileType = sourcecode.swift; path = HomeScreenStore.swift; sourceTree = "<group>"; };
		8EC86E2C2E06D97B00AA6AFA /* Collection + extension.swift */ = {isa = PBXFileReference; lastKnownFileType = sourcecode.swift; path = "Collection + extension.swift"; sourceTree = "<group>"; };
		8EC86E2E2E06E38600AA6AFA /* View + extension.swift */ = {isa = PBXFileReference; lastKnownFileType = sourcecode.swift; path = "View + extension.swift"; sourceTree = "<group>"; };
		8EC86E302E06E81F00AA6AFA /* EditRoomScreen.swift */ = {isa = PBXFileReference; lastKnownFileType = sourcecode.swift; path = EditRoomScreen.swift; sourceTree = "<group>"; };
		8EC86F072E0F3A6000AA6AFA /* FlatShadow.swift */ = {isa = PBXFileReference; lastKnownFileType = sourcecode.swift; path = FlatShadow.swift; sourceTree = "<group>"; };
		8EC86F502E18442000AA6AFA /* LoopingFramesView.swift */ = {isa = PBXFileReference; lastKnownFileType = sourcecode.swift; path = LoopingFramesView.swift; sourceTree = "<group>"; };
		8EC86F522E18547600AA6AFA /* Color + extension.swift */ = {isa = PBXFileReference; lastKnownFileType = sourcecode.swift; path = "Color + extension.swift"; sourceTree = "<group>"; };
		8ED63A712F1273780013632F /* BaseRepository.swift */ = {isa = PBXFileReference; lastKnownFileType = sourcecode.swift; path = BaseRepository.swift; sourceTree = "<group>"; };
		8ED63A722F1273780013632F /* DatabaseManager.swift */ = {isa = PBXFileReference; lastKnownFileType = sourcecode.swift; path = DatabaseManager.swift; sourceTree = "<group>"; };
		8ED63A742F1273780013632F /* NoteModelGRDB.swift */ = {isa = PBXFileReference; lastKnownFileType = sourcecode.swift; path = NoteModelGRDB.swift; sourceTree = "<group>"; };
		8ED63A752F1273780013632F /* PlantModelGRDB.swift */ = {isa = PBXFileReference; lastKnownFileType = sourcecode.swift; path = PlantModelGRDB.swift; sourceTree = "<group>"; };
		8ED63A762F1273780013632F /* PotModelGRDB.swift */ = {isa = PBXFileReference; lastKnownFileType = sourcecode.swift; path = PotModelGRDB.swift; sourceTree = "<group>"; };
		8ED63A772F1273780013632F /* RoomModelGRDB.swift */ = {isa = PBXFileReference; lastKnownFileType = sourcecode.swift; path = RoomModelGRDB.swift; sourceTree = "<group>"; };
		8ED63A782F1273780013632F /* SeedModelGRDB.swift */ = {isa = PBXFileReference; lastKnownFileType = sourcecode.swift; path = SeedModelGRDB.swift; sourceTree = "<group>"; };
		8ED63A792F1273780013632F /* ShelfModelGRDB.swift */ = {isa = PBXFileReference; lastKnownFileType = sourcecode.swift; path = ShelfModelGRDB.swift; sourceTree = "<group>"; };
		8ED63A7A2F1273780013632F /* TagModelGRDB.swift */ = {isa = PBXFileReference; lastKnownFileType = sourcecode.swift; path = TagModelGRDB.swift; sourceTree = "<group>"; };
		8ED63A7B2F1273780013632F /* UserRoomModelGRDB.swift */ = {isa = PBXFileReference; lastKnownFileType = sourcecode.swift; path = UserRoomModelGRDB.swift; sourceTree = "<group>"; };
		8ED63A7D2F1273780013632F /* PlantRepository.swift */ = {isa = PBXFileReference; lastKnownFileType = sourcecode.swift; path = PlantRepository.swift; sourceTree = "<group>"; };
		8ED63A7E2F1273780013632F /* PotRepository.swift */ = {isa = PBXFileReference; lastKnownFileType = sourcecode.swift; path = PotRepository.swift; sourceTree = "<group>"; };
		8ED63A7F2F1273780013632F /* RoomRepository.swift */ = {isa = PBXFileReference; lastKnownFileType = sourcecode.swift; path = RoomRepository.swift; sourceTree = "<group>"; };
		8ED63A802F1273780013632F /* SeedRepository.swift */ = {isa = PBXFileReference; lastKnownFileType = sourcecode.swift; path = SeedRepository.swift; sourceTree = "<group>"; };
		8ED63A812F1273780013632F /* ShelfRepository.swift */ = {isa = PBXFileReference; lastKnownFileType = sourcecode.swift; path = ShelfRepository.swift; sourceTree = "<group>"; };
		8ED63A822F1273780013632F /* TagRepository.swift */ = {isa = PBXFileReference; lastKnownFileType = sourcecode.swift; path = TagRepository.swift; sourceTree = "<group>"; };
		8ED63A832F1273780013632F /* UserRoomRepository.swift */ = {isa = PBXFileReference; lastKnownFileType = sourcecode.swift; path = UserRoomRepository.swift; sourceTree = "<group>"; };
		8ED63A852F1273780013632F /* DefaultModels.swift */ = {isa = PBXFileReference; lastKnownFileType = sourcecode.swift; path = DefaultModels.swift; sourceTree = "<group>"; };
		8ED72C3E2F02C56E008E6869 /* Localizable.xcstrings */ = {isa = PBXFileReference; lastKnownFileType = text.json.xcstrings; path = Localizable.xcstrings; sourceTree = "<group>"; };
		8ED72C402F02E1D8008E6869 /* JSONLocalizationService.swift */ = {isa = PBXFileReference; lastKnownFileType = sourcecode.swift; path = JSONLocalizationService.swift; sourceTree = "<group>"; };
		8ED72C422F02E2E1008E6869 /* remote_localization.json */ = {isa = PBXFileReference; lastKnownFileType = text.json; path = remote_localization.json; sourceTree = "<group>"; };
		8ED72C852F07D517008E6869 /* DebugScreenView.swift */ = {isa = PBXFileReference; lastKnownFileType = sourcecode.swift; path = DebugScreenView.swift; sourceTree = "<group>"; };
		8ED8B3002F2FC60F008FA843 /* RewardChallengeView.swift */ = {isa = PBXFileReference; lastKnownFileType = sourcecode.swift; path = RewardChallengeView.swift; sourceTree = "<group>"; };
		8ED8B3022F2FC625008FA843 /* RewardChallengeStore.swift */ = {isa = PBXFileReference; lastKnownFileType = sourcecode.swift; path = RewardChallengeStore.swift; sourceTree = "<group>"; };
		8ED8B3042F2FC62A008FA843 /* RewardChallengeState.swift */ = {isa = PBXFileReference; lastKnownFileType = sourcecode.swift; path = RewardChallengeState.swift; sourceTree = "<group>"; };
		8ED8B3062F2FD38E008FA843 /* RewardChallengeAction.swift */ = {isa = PBXFileReference; lastKnownFileType = sourcecode.swift; path = RewardChallengeAction.swift; sourceTree = "<group>"; };
		8EE4C59F2E7A10A000818D95 /* EdgeInsets + extension.swift */ = {isa = PBXFileReference; lastKnownFileType = sourcecode.swift; path = "EdgeInsets + extension.swift"; sourceTree = "<group>"; };
		8EE4C5A12E7A126600818D95 /* TextureButton.swift */ = {isa = PBXFileReference; lastKnownFileType = sourcecode.swift; path = TextureButton.swift; sourceTree = "<group>"; };
		8EE61D352F1AB020002E8B30 /* EditRoomStore.swift */ = {isa = PBXFileReference; lastKnownFileType = sourcecode.swift; path = EditRoomStore.swift; sourceTree = "<group>"; };
		8EE61D372F1AB029002E8B30 /* EditRoomState.swift */ = {isa = PBXFileReference; lastKnownFileType = sourcecode.swift; path = EditRoomState.swift; sourceTree = "<group>"; };
		8EE61D392F1AB034002E8B30 /* EditRoomActions.swift */ = {isa = PBXFileReference; lastKnownFileType = sourcecode.swift; path = EditRoomActions.swift; sourceTree = "<group>"; };
		8EEB2E882E7B54CF00D0F736 /* TagView.swift */ = {isa = PBXFileReference; lastKnownFileType = sourcecode.swift; path = TagView.swift; sourceTree = "<group>"; };
		8EF574EC2DCCEEAE00AEC31A /* TimeToSow.app */ = {isa = PBXFileReference; explicitFileType = wrapper.application; includeInIndex = 0; path = TimeToSow.app; sourceTree = BUILT_PRODUCTS_DIR; };
		8EF5753A2DCE3F3A00AEC31A /* TimeToSowApp.swift */ = {isa = PBXFileReference; lastKnownFileType = sourcecode.swift; path = TimeToSowApp.swift; sourceTree = "<group>"; };
		8EF5753D2DCE3F3A00AEC31A /* UserRoom.swift */ = {isa = PBXFileReference; lastKnownFileType = sourcecode.swift; path = UserRoom.swift; sourceTree = "<group>"; };
		8EF5753F2DCE3F3A00AEC31A /* Preview Assets.xcassets */ = {isa = PBXFileReference; lastKnownFileType = folder.assetcatalog; path = "Preview Assets.xcassets"; sourceTree = "<group>"; };
		8EF575412DCE3F3A00AEC31A /* Assets.xcassets */ = {isa = PBXFileReference; lastKnownFileType = folder.assetcatalog; path = Assets.xcassets; sourceTree = "<group>"; };
		8EF575432DCE3F3A00AEC31A /* HomeScreen.swift */ = {isa = PBXFileReference; lastKnownFileType = sourcecode.swift; path = HomeScreen.swift; sourceTree = "<group>"; };
		8EF575452DCE3F3A00AEC31A /* AppStore.swift */ = {isa = PBXFileReference; lastKnownFileType = sourcecode.swift; path = AppStore.swift; sourceTree = "<group>"; };
		8EF575482DCE3F3A00AEC31A /* ScreenBuilder.swift */ = {isa = PBXFileReference; lastKnownFileType = sourcecode.swift; path = ScreenBuilder.swift; sourceTree = "<group>"; };
		8EF575602DCE432300AEC31A /* Plant.swift */ = {isa = PBXFileReference; lastKnownFileType = sourcecode.swift; path = Plant.swift; sourceTree = "<group>"; };
		8EF575622DCE433900AEC31A /* Pot.swift */ = {isa = PBXFileReference; lastKnownFileType = sourcecode.swift; path = Pot.swift; sourceTree = "<group>"; };
		8EF575642DCE434B00AEC31A /* Seed.swift */ = {isa = PBXFileReference; lastKnownFileType = sourcecode.swift; path = Seed.swift; sourceTree = "<group>"; };
		8EF575662DCE435800AEC31A /* Tag.swift */ = {isa = PBXFileReference; lastKnownFileType = sourcecode.swift; path = Tag.swift; sourceTree = "<group>"; };
		8EF575682DCE49D600AEC31A /* EnvironmentValues.swift */ = {isa = PBXFileReference; lastKnownFileType = sourcecode.swift; path = EnvironmentValues.swift; sourceTree = "<group>"; };
		8EF5756C2DCE4E8700AEC31A /* RoomView.swift */ = {isa = PBXFileReference; lastKnownFileType = sourcecode.swift; path = RoomView.swift; sourceTree = "<group>"; };
		8EF575882DDA00E200AEC31A /* TimePickerView.swift */ = {isa = PBXFileReference; lastKnownFileType = sourcecode.swift; path = TimePickerView.swift; sourceTree = "<group>"; };
		8EFEEEBD2F0AE71E00857A23 /* SendTimerView.swift */ = {isa = PBXFileReference; lastKnownFileType = sourcecode.swift; path = SendTimerView.swift; sourceTree = "<group>"; };
		8EFEEEDF2F0D201000857A23 /* ProgressScreenAction.swift */ = {isa = PBXFileReference; lastKnownFileType = sourcecode.swift; path = ProgressScreenAction.swift; sourceTree = "<group>"; };
		8EFEEEF22F0E587600857A23 /* HistoryScreen.swift */ = {isa = PBXFileReference; lastKnownFileType = sourcecode.swift; path = HistoryScreen.swift; sourceTree = "<group>"; };
		8EFEEEF42F0E589100857A23 /* HistoryScreenState.swift */ = {isa = PBXFileReference; lastKnownFileType = sourcecode.swift; path = HistoryScreenState.swift; sourceTree = "<group>"; };
		8EFEEEF62F0E589C00857A23 /* HistoryScreenStore.swift */ = {isa = PBXFileReference; lastKnownFileType = sourcecode.swift; path = HistoryScreenStore.swift; sourceTree = "<group>"; };
		8EFEEEF82F0E58A700857A23 /* HistoryScreenAction.swift */ = {isa = PBXFileReference; lastKnownFileType = sourcecode.swift; path = HistoryScreenAction.swift; sourceTree = "<group>"; };
		8EFEEEFA2F0E805E00857A23 /* RecordsHistoryView.swift */ = {isa = PBXFileReference; lastKnownFileType = sourcecode.swift; path = RecordsHistoryView.swift; sourceTree = "<group>"; };
/* End PBXFileReference section */

/* Begin PBXFrameworksBuildPhase section */
		8EF574E92DCCEEAE00AEC31A /* Frameworks */ = {
			isa = PBXFrameworksBuildPhase;
			buildActionMask = 2147483647;
			files = (
				8E941BB12F21078D002F0B07 /* SDWebImageSwiftUI in Frameworks */,
				8E6C3E9E2F1137630074CD4E /* GRDB in Frameworks */,
				8E7EFC762F24049700D10C58 /* Supabase in Frameworks */,
			);
			runOnlyForDeploymentPostprocessing = 0;
		};
/* End PBXFrameworksBuildPhase section */

/* Begin PBXGroup section */
		8E201B532F1276F7002B49A1 /* Services */ = {
			isa = PBXGroup;
			children = (
				8ED72C402F02E1D8008E6869 /* JSONLocalizationService.swift */,
				8E7EFC7B2F254F3300D10C58 /* LocalImageStore.swift */,
				8E201B542F127718002B49A1 /* Logger.swift */,
				8E869C722F226F4C00DECCBF /* ChallengeService.swift */,
			);
			path = Services;
			sourceTree = "<group>";
		};
		8E29579C2F293E1C00EA144A /* BoxScreen */ = {
			isa = PBXGroup;
			children = (
				8E7EFC902F262FF200D10C58 /* BoxScreen.swift */,
				8E29579D2F293E4100EA144A /* BoxScreenStore.swift */,
				8E29579F2F293E4A00EA144A /* BoxScreenState.swift */,
				8E2957A12F293E5400EA144A /* BoxScreenAction.swift */,
			);
			path = BoxScreen;
			sourceTree = "<group>";
		};
		8E2E5EE52EF8544200B91347 /* PlantDetailScreen */ = {
			isa = PBXGroup;
			children = (
				8E2E5EE62EF8546000B91347 /* PlantDetailScreen.swift */,
				8E2957942F27CB1800EA144A /* PlantDetailScreenStore.swift */,
				8E2957962F27CB2100EA144A /* PlantDetailScreenAction.swift */,
				8E2957982F27CB2900EA144A /* PlantDetailScreenState.swift */,
			);
			path = PlantDetailScreen;
			sourceTree = "<group>";
		};
		8E7240C42EE23CD300D08CE7 /* ViewModifiers */ = {
			isa = PBXGroup;
			children = (
				8E7240C52EE23D0700D08CE7 /* TextureOverlay.swift */,
				8E7240CB2EE265E800D08CE7 /* RainEffectModifier.swift */,
				8E7240C72EE23D3100D08CE7 /* View + Modifiers.swift */,
				8E6344602F17F37900B966E0 /* ScrollViewSwipeActionModifier.swift */,
			);
			path = ViewModifiers;
			sourceTree = "<group>";
		};
		8E75DE0E2E5A2EAF0004C3D3 /* ProgressScreen */ = {
			isa = PBXGroup;
			children = (
				8E75DE0F2E5A2EC50004C3D3 /* ProgressScreen.swift */,
				8E75DE112E5A2EE50004C3D3 /* ProgressScreenStore.swift */,
				8EFEEEDF2F0D201000857A23 /* ProgressScreenAction.swift */,
			);
			path = ProgressScreen;
			sourceTree = "<group>";
		};
		8E7EFC6A2F23CF8F00D10C58 /* Decor */ = {
			isa = PBXGroup;
			children = (
				8E7EFC672F23CF8F00D10C58 /* decor1.gif */,
				8E7EFC682F23CF8F00D10C58 /* decor2.png */,
				8E7EFC692F23CF8F00D10C58 /* decor3.png */,
			);
			path = Decor;
			sourceTree = "<group>";
		};
		8E7EFC812F2550B100D10C58 /* RemoteModels */ = {
			isa = PBXGroup;
			children = (
				8E7EFC822F2550BD00D10C58 /* ChallengeSeasonRemote.swift */,
				8E7EFC842F2550D300D10C58 /* ChallengeModel.swift */,
				8E7EFC862F2550E400D10C58 /* DecorModel.swift */,
			);
			path = RemoteModels;
			sourceTree = "<group>";
		};
		8E869C742F2274D300DECCBF /* ChallengeScreen */ = {
			isa = PBXGroup;
			children = (
				8E869C752F2274ED00DECCBF /* ChallengeScreen.swift */,
				8E869C772F22750800DECCBF /* ChallengeState.swift */,
				8E869C792F22751500DECCBF /* ChallengeStore.swift */,
				8E869C7B2F22751D00DECCBF /* ChallengeAction.swift */,
			);
			path = ChallengeScreen;
			sourceTree = "<group>";
		};
		8E886B252F1BA7D90001A734 /* TagsScreen */ = {
			isa = PBXGroup;
			children = (
				8E886B262F1BA82F0001A734 /* TagsScreen.swift */,
				8E886B282F1BA8580001A734 /* TagsScreenState.swift */,
				8E886B2A2F1BA86F0001A734 /* TagsScreenStore.swift */,
				8E886B2C2F1BA8870001A734 /* TagsScreenAction.swift */,
			);
			path = TagsScreen;
			sourceTree = "<group>";
		};
		8E941BB22F210A46002F0B07 /* Animations */ = {
			isa = PBXGroup;
			children = (
			);
			path = Animations;
			sourceTree = "<group>";
		};
		8EAF67C32EF33A9100780BB9 /* FeatureStores */ = {
			isa = PBXGroup;
			children = (
				8EAF67CC2EF3527000780BB9 /* RoomFeature */,
				8EAF67C62EF33AC100780BB9 /* FeatureStore.swift */,
			);
			path = FeatureStores;
			sourceTree = "<group>";
		};
		8EAF67CC2EF3527000780BB9 /* RoomFeature */ = {
			isa = PBXGroup;
			children = (
				8EAF67C42EF33AB500780BB9 /* RoomFeatureStore.swift */,
				8EAF67CD2EF3529000780BB9 /* RoomFeatureAction.swift */,
				8EAF67D12EF352E300780BB9 /* RoomViewState.swift */,
				8EAF67CF2EF352C700780BB9 /* PlantViewState.swift */,
			);
			path = RoomFeature;
			sourceTree = "<group>";
		};
		8EC86E322E06E82B00AA6AFA /* EditRoomScreen */ = {
			isa = PBXGroup;
			children = (
				8EC86E302E06E81F00AA6AFA /* EditRoomScreen.swift */,
				8EE61D352F1AB020002E8B30 /* EditRoomStore.swift */,
				8EE61D372F1AB029002E8B30 /* EditRoomState.swift */,
				8EE61D392F1AB034002E8B30 /* EditRoomActions.swift */,
			);
			path = EditRoomScreen;
			sourceTree = "<group>";
		};
		8ED63A732F1273780013632F /* Base */ = {
			isa = PBXGroup;
			children = (
				8ED63A712F1273780013632F /* BaseRepository.swift */,
				8ED63A722F1273780013632F /* DatabaseManager.swift */,
			);
			path = Base;
			sourceTree = "<group>";
		};
		8ED63A7C2F1273780013632F /* Models */ = {
			isa = PBXGroup;
			children = (
				8ED63A742F1273780013632F /* NoteModelGRDB.swift */,
				8ED63A752F1273780013632F /* PlantModelGRDB.swift */,
				8E7EFC8C2F25517900D10C58 /* DecorModelGRDB.swift */,
				8E2957922F26679500EA144A /* DecorTypeModelGRDB.swift */,
				8ED63A762F1273780013632F /* PotModelGRDB.swift */,
				8ED63A772F1273780013632F /* RoomModelGRDB.swift */,
				8E7EFC882F25511800D10C58 /* ChallengeSeasonModelGRDB.swift */,
				8ED63A782F1273780013632F /* SeedModelGRDB.swift */,
				8ED63A792F1273780013632F /* ShelfModelGRDB.swift */,
				8ED63A7A2F1273780013632F /* TagModelGRDB.swift */,
				8ED63A7B2F1273780013632F /* UserRoomModelGRDB.swift */,
			);
			path = Models;
			sourceTree = "<group>";
		};
		8ED63A842F1273780013632F /* GRBD */ = {
			isa = PBXGroup;
			children = (
				8ED63A732F1273780013632F /* Base */,
				8ED63A7C2F1273780013632F /* Models */,
				8ED63A7D2F1273780013632F /* PlantRepository.swift */,
				8ED63A7E2F1273780013632F /* PotRepository.swift */,
				8E2957A32F2A55AA00EA144A /* DecorRepository.swift */,
				8ED63A7F2F1273780013632F /* RoomRepository.swift */,
				8ED63A802F1273780013632F /* SeedRepository.swift */,
				8ED63A812F1273780013632F /* ShelfRepository.swift */,
				8ED63A822F1273780013632F /* TagRepository.swift */,
				8ED63A832F1273780013632F /* UserRoomRepository.swift */,
				8E7EFC792F24F88900D10C58 /* ChallengeRepository.swift */,
			);
			path = GRBD;
			sourceTree = "<group>";
		};
		8ED63A862F1273780013632F /* Repositories */ = {
			isa = PBXGroup;
			children = (
				8E7EFC812F2550B100D10C58 /* RemoteModels */,
				8E7EFC772F24E87B00D10C58 /* RemoteContentRepository.swift */,
				8E6AD7712F326F3C0041568F /* DataPrefether.swift */,
				8ED63A842F1273780013632F /* GRBD */,
				8ED63A852F1273780013632F /* DefaultModels.swift */,
			);
			path = Repositories;
			sourceTree = "<group>";
		};
		8ED72C842F07D4F7008E6869 /* DebugScreen */ = {
			isa = PBXGroup;
			children = (
				8ED72C852F07D517008E6869 /* DebugScreenView.swift */,
			);
			path = DebugScreen;
			sourceTree = "<group>";
		};
		8ED8B2FF2F2FC5F5008FA843 /* RewardChallengeView */ = {
			isa = PBXGroup;
			children = (
				8ED8B3002F2FC60F008FA843 /* RewardChallengeView.swift */,
				8ED8B3022F2FC625008FA843 /* RewardChallengeStore.swift */,
				8ED8B3042F2FC62A008FA843 /* RewardChallengeState.swift */,
				8ED8B3062F2FD38E008FA843 /* RewardChallengeAction.swift */,
			);
			path = RewardChallengeView;
			sourceTree = "<group>";
		};
		8EF574E32DCCEEAE00AEC31A = {
			isa = PBXGroup;
			children = (
				8EF5754A2DCE3F3A00AEC31A /* TimeToSow */,
				8EF574ED2DCCEEAE00AEC31A /* Products */,
			);
			sourceTree = "<group>";
		};
		8EF574ED2DCCEEAE00AEC31A /* Products */ = {
			isa = PBXGroup;
			children = (
				8EF574EC2DCCEEAE00AEC31A /* TimeToSow.app */,
			);
			name = Products;
			sourceTree = "<group>";
		};
		8EF5753B2DCE3F3A00AEC31A /* App */ = {
			isa = PBXGroup;
			children = (
				8EF5753A2DCE3F3A00AEC31A /* TimeToSowApp.swift */,
				8E6AD7732F3276300041568F /* RepositoryFactory.swift */,
				8E6AD7772F328FC90041568F /* RepositoryFactoryMock.swift */,
			);
			path = App;
			sourceTree = "<group>";
		};
		8EF5753C2DCE3F3A00AEC31A /* Extensions */ = {
			isa = PBXGroup;
			children = (
				8EC86E042E06215C00AA6AFA /* Vibration.swift */,
				8EC86F522E18547600AA6AFA /* Color + extension.swift */,
				8EC86E2E2E06E38600AA6AFA /* View + extension.swift */,
				8EC86E2C2E06D97B00AA6AFA /* Collection + extension.swift */,
				8EE4C59F2E7A10A000818D95 /* EdgeInsets + extension.swift */,
				8EAF68072EF4800300780BB9 /* Int + extension.swift */,
				8E7EFC7D2F254F7F00D10C58 /* Data + extension.swift */,
				8E5B33F82EFDD59000354CAB /* Date + extension.swift */,
				8E6EAD982F16B82400BFB40C /* FloatingPoint + extension.swift */,
			);
			path = Extensions;
			sourceTree = "<group>";
		};
		8EF5753E2DCE3F3A00AEC31A /* Models */ = {
			isa = PBXGroup;
			children = (
				8EF5753D2DCE3F3A00AEC31A /* UserRoom.swift */,
				8E869C702F225F6400DECCBF /* Сhallenge.swift */,
				8EF575602DCE432300AEC31A /* Plant.swift */,
				8EF575622DCE433900AEC31A /* Pot.swift */,
				8EF575642DCE434B00AEC31A /* Seed.swift */,
				8EC86E182E06C9E800AA6AFA /* ShelfType.swift */,
				8EF575662DCE435800AEC31A /* Tag.swift */,
				8EC86E142E06C75400AA6AFA /* RoomType.swift */,
				8EA1C9D22EFD836700DF690F /* Note.swift */,
				8E5B34182EFEADD200354CAB /* Rarity.swift */,
				8E941BB52F21289C002F0B07 /* Decor.swift */,
				8E7EFC8A2F25514F00D10C58 /* ChallengeType.swift */,
			);
			path = Models;
			sourceTree = "<group>";
		};
		8EF575402DCE3F3A00AEC31A /* Preview Content */ = {
			isa = PBXGroup;
			children = (
				8EF5753F2DCE3F3A00AEC31A /* Preview Assets.xcassets */,
			);
			path = "Preview Content";
			sourceTree = "<group>";
		};
		8EF575422DCE3F3A00AEC31A /* Resources */ = {
			isa = PBXGroup;
			children = (
				8E7EFC6A2F23CF8F00D10C58 /* Decor */,
				8E941BB22F210A46002F0B07 /* Animations */,
				8E5B34662F02789200354CAB /* Underdog-Regular.ttf */,
				8E5B34642F0276C400354CAB /* StampatelloFaceto.otf */,
				8EA1C9D62EFD909900DF690F /* K2D-Light.ttf */,
				8EF575402DCE3F3A00AEC31A /* Preview Content */,
				8EF575412DCE3F3A00AEC31A /* Assets.xcassets */,
				8EBF147F2DE6689E00422876 /* K2D-ExtraLightItalic.ttf */,
				8EBF14802DE6689E00422876 /* K2D-MediumItalic.ttf */,
				8EBF147D2DE667F900422876 /* SedgwickAve-Regular.ttf */,
				8EBF14792DE657A700422876 /* Font +.swift */,
				8ED72C3E2F02C56E008E6869 /* Localizable.xcstrings */,
				8ED72C422F02E2E1008E6869 /* remote_localization.json */,
				8E6AD7752F327A170041568F /* BaseFile.swift */,
			);
			path = Resources;
			sourceTree = "<group>";
		};
		8EF575442DCE3F3A00AEC31A /* HomeScreen */ = {
			isa = PBXGroup;
			children = (
				8EF575432DCE3F3A00AEC31A /* HomeScreen.swift */,
				8EAF68032EF4704600780BB9 /* HomeScreenState.swift */,
				8EC86E262E06D01B00AA6AFA /* HomeScreenStore.swift */,
				8EAF68052EF471E300780BB9 /* HomeScreenAction.swift */,
			);
			path = HomeScreen;
			sourceTree = "<group>";
		};
		8EF575462DCE3F3A00AEC31A /* Stores */ = {
			isa = PBXGroup;
			children = (
				8EAF67C32EF33A9100780BB9 /* FeatureStores */,
				8EF575452DCE3F3A00AEC31A /* AppStore.swift */,
				8E886B232F1BA2570001A734 /* AppStore + methods.swift */,
				8E2E5EE32EF853F000B91347 /* AppCoordinator.swift */,
				8EAF67CA2EF3520200780BB9 /* AppActions.swift */,
			);
			path = Stores;
			sourceTree = "<group>";
		};
		8EF575492DCE3F3A00AEC31A /* UI */ = {
			isa = PBXGroup;
			children = (
				8ED8B2FF2F2FC5F5008FA843 /* RewardChallengeView */,
				8EF5756A2DCE4E6700AEC31A /* Components */,
				8E29579C2F293E1C00EA144A /* BoxScreen */,
				8E869C742F2274D300DECCBF /* ChallengeScreen */,
				8E886B252F1BA7D90001A734 /* TagsScreen */,
				8EFEEEF12F0E53D300857A23 /* HistoryScreen */,
				8ED72C842F07D4F7008E6869 /* DebugScreen */,
				8E2E5EE52EF8544200B91347 /* PlantDetailScreen */,
				8E75DE0E2E5A2EAF0004C3D3 /* ProgressScreen */,
				8EC86E322E06E82B00AA6AFA /* EditRoomScreen */,
				8EF575442DCE3F3A00AEC31A /* HomeScreen */,
				8EF575462DCE3F3A00AEC31A /* Stores */,
				8EF575482DCE3F3A00AEC31A /* ScreenBuilder.swift */,
				8EF575682DCE49D600AEC31A /* EnvironmentValues.swift */,
			);
			path = UI;
			sourceTree = "<group>";
		};
		8EF5754A2DCE3F3A00AEC31A /* TimeToSow */ = {
			isa = PBXGroup;
			children = (
				8E201B532F1276F7002B49A1 /* Services */,
				8EBF14782DE6577800422876 /* Info.plist */,
				8ED63A862F1273780013632F /* Repositories */,
				8EF5753B2DCE3F3A00AEC31A /* App */,
				8EF5753C2DCE3F3A00AEC31A /* Extensions */,
				8EF5753E2DCE3F3A00AEC31A /* Models */,
				8EF575422DCE3F3A00AEC31A /* Resources */,
				8EF575492DCE3F3A00AEC31A /* UI */,
			);
			path = TimeToSow;
			sourceTree = "<group>";
		};
		8EF5756A2DCE4E6700AEC31A /* Components */ = {
			isa = PBXGroup;
			children = (
				8E7240C42EE23CD300D08CE7 /* ViewModifiers */,
				8EF5756C2DCE4E8700AEC31A /* RoomView.swift */,
				8EFEEEFA2F0E805E00857A23 /* RecordsHistoryView.swift */,
				8E85902E2F1D593700B6F614 /* CustomColorPicker.swift */,
				8E85902C2F1D591500B6F614 /* SystemBlur.swift */,
				8E6AD76F2F3263270041568F /* DecorTypePreview.swift */,
				8EC86F072E0F3A6000AA6AFA /* FlatShadow.swift */,
				8EC86DF62E06208600AA6AFA /* PlantView.swift */,
				8E7EFC6E2F23D34900D10C58 /* DecorView.swift */,
				8EC86F502E18442000AA6AFA /* LoopingFramesView.swift */,
				8EC86E062E0628E400AA6AFA /* DustView.swift */,
				8EF575882DDA00E200AEC31A /* TimePickerView.swift */,
				8E75DE132E5A306C0004C3D3 /* TimerView.swift */,
				8E75DE172E5A3BEE0004C3D3 /* PlantPreview.swift */,
				8E13E1CC2E7A00E700E5CA1F /* TextureView.swift */,
				8EE4C5A12E7A126600818D95 /* TextureButton.swift */,
				8EEB2E882E7B54CF00D0F736 /* TagView.swift */,
				8E7A7FE12EDF959400575A81 /* DrawText.swift */,
				8EA1C9B92EFC546600DF690F /* RarityView.swift */,
				8EA1C9D42EFD84EA00DF690F /* TagStatisticsView.swift */,
				8EA1C9D82EFDB34C00DF690F /* PieChartView.swift */,
				8EFEEEBD2F0AE71E00857A23 /* SendTimerView.swift */,
				8E29579A2F293D3900EA144A /* MasonryLayout.swift */,
			);
			path = Components;
			sourceTree = "<group>";
		};
		8EFEEEF12F0E53D300857A23 /* HistoryScreen */ = {
			isa = PBXGroup;
			children = (
				8EFEEEF22F0E587600857A23 /* HistoryScreen.swift */,
				8EFEEEF42F0E589100857A23 /* HistoryScreenState.swift */,
				8EFEEEF62F0E589C00857A23 /* HistoryScreenStore.swift */,
				8EFEEEF82F0E58A700857A23 /* HistoryScreenAction.swift */,
			);
			path = HistoryScreen;
			sourceTree = "<group>";
		};
/* End PBXGroup section */

/* Begin PBXNativeTarget section */
		8EF574EB2DCCEEAE00AEC31A /* TimeToSow */ = {
			isa = PBXNativeTarget;
			buildConfigurationList = 8EF574FA2DCCEEB000AEC31A /* Build configuration list for PBXNativeTarget "TimeToSow" */;
			buildPhases = (
				8EF574E82DCCEEAE00AEC31A /* Sources */,
				8EF574E92DCCEEAE00AEC31A /* Frameworks */,
				8EF574EA2DCCEEAE00AEC31A /* Resources */,
			);
			buildRules = (
			);
			dependencies = (
			);
			name = TimeToSow;
			packageProductDependencies = (
				8E6C3E9D2F1137630074CD4E /* GRDB */,
				8E941BB02F21078D002F0B07 /* SDWebImageSwiftUI */,
				8E7EFC752F24049700D10C58 /* Supabase */,
			);
			productName = TimeToSow;
			productReference = 8EF574EC2DCCEEAE00AEC31A /* TimeToSow.app */;
			productType = "com.apple.product-type.application";
		};
/* End PBXNativeTarget section */

/* Begin PBXProject section */
		8EF574E42DCCEEAE00AEC31A /* Project object */ = {
			isa = PBXProject;
			attributes = {
				BuildIndependentTargetsInParallel = 1;
				LastSwiftUpdateCheck = 1620;
				LastUpgradeCheck = 1620;
				TargetAttributes = {
					8EF574EB2DCCEEAE00AEC31A = {
						CreatedOnToolsVersion = 16.2;
					};
				};
			};
			buildConfigurationList = 8EF574E72DCCEEAE00AEC31A /* Build configuration list for PBXProject "TimeToSow" */;
			developmentRegion = en;
			hasScannedForEncodings = 0;
			knownRegions = (
				en,
				Base,
				ru,
			);
			mainGroup = 8EF574E32DCCEEAE00AEC31A;
			minimizedProjectReferenceProxies = 1;
			packageReferences = (
				8E6C3E9C2F1137630074CD4E /* XCRemoteSwiftPackageReference "GRDB.swift" */,
				8E941BAF2F21078D002F0B07 /* XCRemoteSwiftPackageReference "SDWebImageSwiftUI" */,
				8E7EFC742F24049700D10C58 /* XCRemoteSwiftPackageReference "supabase-swift" */,
			);
			preferredProjectObjectVersion = 77;
			productRefGroup = 8EF574ED2DCCEEAE00AEC31A /* Products */;
			projectDirPath = "";
			projectRoot = "";
			targets = (
				8EF574EB2DCCEEAE00AEC31A /* TimeToSow */,
			);
		};
/* End PBXProject section */

/* Begin PBXResourcesBuildPhase section */
		8EF574EA2DCCEEAE00AEC31A /* Resources */ = {
			isa = PBXResourcesBuildPhase;
			buildActionMask = 2147483647;
			files = (
				8EBF14812DE6689E00422876 /* K2D-MediumItalic.ttf in Resources */,
				8E7EFC6B2F23CF8F00D10C58 /* decor1.gif in Resources */,
				8E7EFC6C2F23CF8F00D10C58 /* decor2.png in Resources */,
				8E7EFC6D2F23CF8F00D10C58 /* decor3.png in Resources */,
				8E5B34672F02789200354CAB /* Underdog-Regular.ttf in Resources */,
				8EBF14822DE6689E00422876 /* K2D-ExtraLightItalic.ttf in Resources */,
				8EBF147E2DE667F900422876 /* SedgwickAve-Regular.ttf in Resources */,
				8ED72C432F02E2E1008E6869 /* remote_localization.json in Resources */,
				8EF575512DCE3F3A00AEC31A /* Preview Assets.xcassets in Resources */,
				8E5B34652F0276C400354CAB /* StampatelloFaceto.otf in Resources */,
				8EF575522DCE3F3A00AEC31A /* Assets.xcassets in Resources */,
				8EA1C9D72EFD909900DF690F /* K2D-Light.ttf in Resources */,
				8ED72C3F2F02C56E008E6869 /* Localizable.xcstrings in Resources */,
			);
			runOnlyForDeploymentPostprocessing = 0;
		};
/* End PBXResourcesBuildPhase section */

/* Begin PBXSourcesBuildPhase section */
		8EF574E82DCCEEAE00AEC31A /* Sources */ = {
			isa = PBXSourcesBuildPhase;
			buildActionMask = 2147483647;
			files = (
				8EA1C9D92EFDB34C00DF690F /* PieChartView.swift in Sources */,
				8EFEEEF92F0E58A700857A23 /* HistoryScreenAction.swift in Sources */,
				8E2957972F27CB2100EA144A /* PlantDetailScreenAction.swift in Sources */,
				8EC86E272E06D01B00AA6AFA /* HomeScreenStore.swift in Sources */,
				8EC86DF72E06208600AA6AFA /* PlantView.swift in Sources */,
				8EAF67CE2EF3529000780BB9 /* RoomFeatureAction.swift in Sources */,
				8EAF67C72EF33AC100780BB9 /* FeatureStore.swift in Sources */,
				8EF575672DCE435800AEC31A /* Tag.swift in Sources */,
				8E85902D2F1D591500B6F614 /* SystemBlur.swift in Sources */,
				8EF575892DDA00E200AEC31A /* TimePickerView.swift in Sources */,
				8EC86F532E18547600AA6AFA /* Color + extension.swift in Sources */,
				8E2957992F27CB2900EA144A /* PlantDetailScreenState.swift in Sources */,
				8E6EAD992F16B82400BFB40C /* FloatingPoint + extension.swift in Sources */,
				8E6AD7722F326F3C0041568F /* DataPrefether.swift in Sources */,
				8E2E5EE42EF853F000B91347 /* AppCoordinator.swift in Sources */,
				8EF5756D2DCE4E8700AEC31A /* RoomView.swift in Sources */,
				8E7A7FE22EDF959400575A81 /* DrawText.swift in Sources */,
				8EE4C5A22E7A126600818D95 /* TextureButton.swift in Sources */,
				8E7240C82EE23D3100D08CE7 /* View + Modifiers.swift in Sources */,
				8E7EFC7E2F254F7F00D10C58 /* Data + extension.swift in Sources */,
				8EF5754B2DCE3F3A00AEC31A /* TimeToSowApp.swift in Sources */,
				8E13E1CD2E7A00E700E5CA1F /* TextureView.swift in Sources */,
				8E75DE102E5A2EC50004C3D3 /* ProgressScreen.swift in Sources */,
				8EC86F512E18442000AA6AFA /* LoopingFramesView.swift in Sources */,
				8E7EFC872F2550E400D10C58 /* DecorModel.swift in Sources */,
				8ED72C862F07D517008E6869 /* DebugScreenView.swift in Sources */,
				8E7240CC2EE265E800D08CE7 /* RainEffectModifier.swift in Sources */,
				8EF5754C2DCE3F3A00AEC31A /* UserRoom.swift in Sources */,
				8E869C7C2F22751D00DECCBF /* ChallengeAction.swift in Sources */,
				8EC86E072E0628E400AA6AFA /* DustView.swift in Sources */,
				8E7240C62EE23D0700D08CE7 /* TextureOverlay.swift in Sources */,
				8EFEEEFB2F0E805E00857A23 /* RecordsHistoryView.swift in Sources */,
				8E201B552F127718002B49A1 /* Logger.swift in Sources */,
				8EA1C9D32EFD836700DF690F /* Note.swift in Sources */,
				8EAF68082EF4800300780BB9 /* Int + extension.swift in Sources */,
				8EF575632DCE433900AEC31A /* Pot.swift in Sources */,
				8EC86E312E06E81F00AA6AFA /* EditRoomScreen.swift in Sources */,
				8EAF67D02EF352C700780BB9 /* PlantViewState.swift in Sources */,
				8E7EFC8B2F25514F00D10C58 /* ChallengeType.swift in Sources */,
				8ED63A872F1273780013632F /* BaseRepository.swift in Sources */,
				8E869C712F225F6400DECCBF /* Сhallenge.swift in Sources */,
				8E7EFC6F2F23D34900D10C58 /* DecorView.swift in Sources */,
				8E2957952F27CB1800EA144A /* PlantDetailScreenStore.swift in Sources */,
				8ED63A882F1273780013632F /* DatabaseManager.swift in Sources */,
				8E869C782F22750800DECCBF /* ChallengeState.swift in Sources */,
				8ED63A892F1273780013632F /* NoteModelGRDB.swift in Sources */,
				8E29579B2F293D3900EA144A /* MasonryLayout.swift in Sources */,
				8E2957932F26679500EA144A /* DecorTypeModelGRDB.swift in Sources */,
				8E7EFC912F262FF200D10C58 /* BoxScreen.swift in Sources */,
				8ED63A8A2F1273780013632F /* PlantModelGRDB.swift in Sources */,
				8E886B2B2F1BA86F0001A734 /* TagsScreenStore.swift in Sources */,
				8ED63A8B2F1273780013632F /* PotModelGRDB.swift in Sources */,
				8E869C732F226F4C00DECCBF /* ChallengeService.swift in Sources */,
				8ED63A8C2F1273780013632F /* RoomModelGRDB.swift in Sources */,
				8ED63A8D2F1273780013632F /* SeedModelGRDB.swift in Sources */,
				8ED63A8E2F1273780013632F /* ShelfModelGRDB.swift in Sources */,
				8ED8B3052F2FC62A008FA843 /* RewardChallengeState.swift in Sources */,
				8ED63A8F2F1273780013632F /* TagModelGRDB.swift in Sources */,
				8ED63A902F1273780013632F /* UserRoomModelGRDB.swift in Sources */,
				8ED63A912F1273780013632F /* PlantRepository.swift in Sources */,
				8ED63A922F1273780013632F /* PotRepository.swift in Sources */,
				8ED63A932F1273780013632F /* RoomRepository.swift in Sources */,
				8ED63A942F1273780013632F /* SeedRepository.swift in Sources */,
				8ED63A952F1273780013632F /* ShelfRepository.swift in Sources */,
				8E7EFC832F2550BD00D10C58 /* ChallengeSeasonRemote.swift in Sources */,
				8ED63A962F1273780013632F /* TagRepository.swift in Sources */,
				8ED63A972F1273780013632F /* UserRoomRepository.swift in Sources */,
				8ED63A982F1273780013632F /* DefaultModels.swift in Sources */,
				8EF575612DCE432300AEC31A /* Plant.swift in Sources */,
				8E5B34192EFEADD200354CAB /* Rarity.swift in Sources */,
				8EAF68062EF471E300780BB9 /* HomeScreenAction.swift in Sources */,
				8EBF147A2DE657A700422876 /* Font +.swift in Sources */,
				8EAF67C52EF33AB500780BB9 /* RoomFeatureStore.swift in Sources */,
				8EF575652DCE434B00AEC31A /* Seed.swift in Sources */,
				8EFEEEF52F0E589100857A23 /* HistoryScreenState.swift in Sources */,
				8E7EFC7C2F254F3300D10C58 /* LocalImageStore.swift in Sources */,
				8E75DE142E5A306C0004C3D3 /* TimerView.swift in Sources */,
				8EC86E2D2E06D97B00AA6AFA /* Collection + extension.swift in Sources */,
				8EFEEEBE2F0AE71E00857A23 /* SendTimerView.swift in Sources */,
				8E886B242F1BA2570001A734 /* AppStore + methods.swift in Sources */,
				8E2957A02F293E4A00EA144A /* BoxScreenState.swift in Sources */,
				8EF575692DCE49D600AEC31A /* EnvironmentValues.swift in Sources */,
				8E7EFC8D2F25517900D10C58 /* DecorModelGRDB.swift in Sources */,
				8EA1C9BA2EFC546600DF690F /* RarityView.swift in Sources */,
				8E75DE182E5A3BEE0004C3D3 /* PlantPreview.swift in Sources */,
				8E2E5EE72EF8546000B91347 /* PlantDetailScreen.swift in Sources */,
				8E7EFC7A2F24F88900D10C58 /* ChallengeRepository.swift in Sources */,
				8EE4C5A02E7A10A000818D95 /* EdgeInsets + extension.swift in Sources */,
				8E29579E2F293E4100EA144A /* BoxScreenStore.swift in Sources */,
				8EF5754D2DCE3F3A00AEC31A /* HomeScreen.swift in Sources */,
				8EEB2E892E7B54CF00D0F736 /* TagView.swift in Sources */,
				8E7EFC892F25511800D10C58 /* ChallengeSeasonModelGRDB.swift in Sources */,
				8EC86E192E06C9E800AA6AFA /* ShelfType.swift in Sources */,
				8EE61D3A2F1AB034002E8B30 /* EditRoomActions.swift in Sources */,
				8E6AD7762F327A170041568F /* BaseFile.swift in Sources */,
				8E6AD7702F3263270041568F /* DecorTypePreview.swift in Sources */,
				8EF5754E2DCE3F3A00AEC31A /* AppStore.swift in Sources */,
				8E7EFC852F2550D300D10C58 /* ChallengeModel.swift in Sources */,
				8E85902F2F1D593700B6F614 /* CustomColorPicker.swift in Sources */,
				8EFEEEF32F0E587600857A23 /* HistoryScreen.swift in Sources */,
				8EE61D362F1AB020002E8B30 /* EditRoomStore.swift in Sources */,
				8EAF67D22EF352E300780BB9 /* RoomViewState.swift in Sources */,
				8EF575502DCE3F3A00AEC31A /* ScreenBuilder.swift in Sources */,
				8EE61D382F1AB029002E8B30 /* EditRoomState.swift in Sources */,
				8E6344612F17F37900B966E0 /* ScrollViewSwipeActionModifier.swift in Sources */,
				8E869C762F2274ED00DECCBF /* ChallengeScreen.swift in Sources */,
				8EA1C9D52EFD84EA00DF690F /* TagStatisticsView.swift in Sources */,
				8E2957A42F2A55AA00EA144A /* DecorRepository.swift in Sources */,
				8E886B2D2F1BA8870001A734 /* TagsScreenAction.swift in Sources */,
				8E6AD7782F328FC90041568F /* RepositoryFactoryMock.swift in Sources */,
				8E2957A22F293E5400EA144A /* BoxScreenAction.swift in Sources */,
				8E5B33F92EFDD59000354CAB /* Date + extension.swift in Sources */,
				8E941BB62F21289C002F0B07 /* Decor.swift in Sources */,
				8ED8B3032F2FC625008FA843 /* RewardChallengeStore.swift in Sources */,
				8E886B272F1BA82F0001A734 /* TagsScreen.swift in Sources */,
				8ED8B3072F2FD38E008FA843 /* RewardChallengeAction.swift in Sources */,
				8EAF67CB2EF3520200780BB9 /* AppActions.swift in Sources */,
				8ED8B3012F2FC60F008FA843 /* RewardChallengeView.swift in Sources */,
				8E886B292F1BA8580001A734 /* TagsScreenState.swift in Sources */,
				8EC86F082E0F3A6000AA6AFA /* FlatShadow.swift in Sources */,
				8E75DE122E5A2EE60004C3D3 /* ProgressScreenStore.swift in Sources */,
				8EC86E052E06215C00AA6AFA /* Vibration.swift in Sources */,
				8EFEEEF72F0E589C00857A23 /* HistoryScreenStore.swift in Sources */,
				8EFEEEE02F0D201000857A23 /* ProgressScreenAction.swift in Sources */,
				8ED72C412F02E1D8008E6869 /* JSONLocalizationService.swift in Sources */,
				8E6AD7742F3276300041568F /* RepositoryFactory.swift in Sources */,
				8E869C7A2F22751500DECCBF /* ChallengeStore.swift in Sources */,
				8EAF68042EF4704600780BB9 /* HomeScreenState.swift in Sources */,
				8EC86E2F2E06E38600AA6AFA /* View + extension.swift in Sources */,
				8EC86E152E06C75400AA6AFA /* RoomType.swift in Sources */,
				8E7EFC782F24E87B00D10C58 /* RemoteContentRepository.swift in Sources */,
			);
			runOnlyForDeploymentPostprocessing = 0;
		};
/* End PBXSourcesBuildPhase section */

/* Begin XCBuildConfiguration section */
		8EF574F82DCCEEB000AEC31A /* Debug */ = {
			isa = XCBuildConfiguration;
			buildSettings = {
				ALWAYS_SEARCH_USER_PATHS = NO;
				ASSETCATALOG_COMPILER_GENERATE_SWIFT_ASSET_SYMBOL_EXTENSIONS = YES;
				CLANG_ANALYZER_NONNULL = YES;
				CLANG_ANALYZER_NUMBER_OBJECT_CONVERSION = YES_AGGRESSIVE;
				CLANG_CXX_LANGUAGE_STANDARD = "gnu++20";
				CLANG_ENABLE_MODULES = YES;
				CLANG_ENABLE_OBJC_ARC = YES;
				CLANG_ENABLE_OBJC_WEAK = YES;
				CLANG_WARN_BLOCK_CAPTURE_AUTORELEASING = YES;
				CLANG_WARN_BOOL_CONVERSION = YES;
				CLANG_WARN_COMMA = YES;
				CLANG_WARN_CONSTANT_CONVERSION = YES;
				CLANG_WARN_DEPRECATED_OBJC_IMPLEMENTATIONS = YES;
				CLANG_WARN_DIRECT_OBJC_ISA_USAGE = YES_ERROR;
				CLANG_WARN_DOCUMENTATION_COMMENTS = YES;
				CLANG_WARN_EMPTY_BODY = YES;
				CLANG_WARN_ENUM_CONVERSION = YES;
				CLANG_WARN_INFINITE_RECURSION = YES;
				CLANG_WARN_INT_CONVERSION = YES;
				CLANG_WARN_NON_LITERAL_NULL_CONVERSION = YES;
				CLANG_WARN_OBJC_IMPLICIT_RETAIN_SELF = YES;
				CLANG_WARN_OBJC_LITERAL_CONVERSION = YES;
				CLANG_WARN_OBJC_ROOT_CLASS = YES_ERROR;
				CLANG_WARN_QUOTED_INCLUDE_IN_FRAMEWORK_HEADER = YES;
				CLANG_WARN_RANGE_LOOP_ANALYSIS = YES;
				CLANG_WARN_STRICT_PROTOTYPES = YES;
				CLANG_WARN_SUSPICIOUS_MOVE = YES;
				CLANG_WARN_UNGUARDED_AVAILABILITY = YES_AGGRESSIVE;
				CLANG_WARN_UNREACHABLE_CODE = YES;
				CLANG_WARN__DUPLICATE_METHOD_MATCH = YES;
				COPY_PHASE_STRIP = NO;
				DEBUG_INFORMATION_FORMAT = dwarf;
				ENABLE_STRICT_OBJC_MSGSEND = YES;
				ENABLE_TESTABILITY = YES;
				ENABLE_USER_SCRIPT_SANDBOXING = YES;
				GCC_C_LANGUAGE_STANDARD = gnu17;
				GCC_DYNAMIC_NO_PIC = NO;
				GCC_NO_COMMON_BLOCKS = YES;
				GCC_OPTIMIZATION_LEVEL = 0;
				GCC_PREPROCESSOR_DEFINITIONS = (
					"DEBUG=1",
					"$(inherited)",
				);
				GCC_WARN_64_TO_32_BIT_CONVERSION = YES;
				GCC_WARN_ABOUT_RETURN_TYPE = YES_ERROR;
				GCC_WARN_UNDECLARED_SELECTOR = YES;
				GCC_WARN_UNINITIALIZED_AUTOS = YES_AGGRESSIVE;
				GCC_WARN_UNUSED_FUNCTION = YES;
				GCC_WARN_UNUSED_VARIABLE = YES;
				IPHONEOS_DEPLOYMENT_TARGET = 18.2;
				LOCALIZATION_PREFERS_STRING_CATALOGS = YES;
				MTL_ENABLE_DEBUG_INFO = INCLUDE_SOURCE;
				MTL_FAST_MATH = YES;
				ONLY_ACTIVE_ARCH = YES;
				SDKROOT = iphoneos;
				SWIFT_ACTIVE_COMPILATION_CONDITIONS = "DEBUG $(inherited)";
				SWIFT_EMIT_LOC_STRINGS = YES;
				SWIFT_OPTIMIZATION_LEVEL = "-Onone";
			};
			name = Debug;
		};
		8EF574F92DCCEEB000AEC31A /* Release */ = {
			isa = XCBuildConfiguration;
			buildSettings = {
				ALWAYS_SEARCH_USER_PATHS = NO;
				ASSETCATALOG_COMPILER_GENERATE_SWIFT_ASSET_SYMBOL_EXTENSIONS = YES;
				CLANG_ANALYZER_NONNULL = YES;
				CLANG_ANALYZER_NUMBER_OBJECT_CONVERSION = YES_AGGRESSIVE;
				CLANG_CXX_LANGUAGE_STANDARD = "gnu++20";
				CLANG_ENABLE_MODULES = YES;
				CLANG_ENABLE_OBJC_ARC = YES;
				CLANG_ENABLE_OBJC_WEAK = YES;
				CLANG_WARN_BLOCK_CAPTURE_AUTORELEASING = YES;
				CLANG_WARN_BOOL_CONVERSION = YES;
				CLANG_WARN_COMMA = YES;
				CLANG_WARN_CONSTANT_CONVERSION = YES;
				CLANG_WARN_DEPRECATED_OBJC_IMPLEMENTATIONS = YES;
				CLANG_WARN_DIRECT_OBJC_ISA_USAGE = YES_ERROR;
				CLANG_WARN_DOCUMENTATION_COMMENTS = YES;
				CLANG_WARN_EMPTY_BODY = YES;
				CLANG_WARN_ENUM_CONVERSION = YES;
				CLANG_WARN_INFINITE_RECURSION = YES;
				CLANG_WARN_INT_CONVERSION = YES;
				CLANG_WARN_NON_LITERAL_NULL_CONVERSION = YES;
				CLANG_WARN_OBJC_IMPLICIT_RETAIN_SELF = YES;
				CLANG_WARN_OBJC_LITERAL_CONVERSION = YES;
				CLANG_WARN_OBJC_ROOT_CLASS = YES_ERROR;
				CLANG_WARN_QUOTED_INCLUDE_IN_FRAMEWORK_HEADER = YES;
				CLANG_WARN_RANGE_LOOP_ANALYSIS = YES;
				CLANG_WARN_STRICT_PROTOTYPES = YES;
				CLANG_WARN_SUSPICIOUS_MOVE = YES;
				CLANG_WARN_UNGUARDED_AVAILABILITY = YES_AGGRESSIVE;
				CLANG_WARN_UNREACHABLE_CODE = YES;
				CLANG_WARN__DUPLICATE_METHOD_MATCH = YES;
				COPY_PHASE_STRIP = NO;
				DEBUG_INFORMATION_FORMAT = "dwarf-with-dsym";
				ENABLE_NS_ASSERTIONS = NO;
				ENABLE_STRICT_OBJC_MSGSEND = YES;
				ENABLE_USER_SCRIPT_SANDBOXING = YES;
				GCC_C_LANGUAGE_STANDARD = gnu17;
				GCC_NO_COMMON_BLOCKS = YES;
				GCC_WARN_64_TO_32_BIT_CONVERSION = YES;
				GCC_WARN_ABOUT_RETURN_TYPE = YES_ERROR;
				GCC_WARN_UNDECLARED_SELECTOR = YES;
				GCC_WARN_UNINITIALIZED_AUTOS = YES_AGGRESSIVE;
				GCC_WARN_UNUSED_FUNCTION = YES;
				GCC_WARN_UNUSED_VARIABLE = YES;
				IPHONEOS_DEPLOYMENT_TARGET = 18.2;
				LOCALIZATION_PREFERS_STRING_CATALOGS = YES;
				MTL_ENABLE_DEBUG_INFO = NO;
				MTL_FAST_MATH = YES;
				SDKROOT = iphoneos;
				SWIFT_COMPILATION_MODE = wholemodule;
				SWIFT_EMIT_LOC_STRINGS = YES;
				VALIDATE_PRODUCT = YES;
			};
			name = Release;
		};
		8EF574FB2DCCEEB000AEC31A /* Debug */ = {
			isa = XCBuildConfiguration;
			buildSettings = {
				ASSETCATALOG_COMPILER_APPICON_NAME = AppIcon;
				ASSETCATALOG_COMPILER_GLOBAL_ACCENT_COLOR_NAME = AccentColor;
				CODE_SIGN_STYLE = Automatic;
				CURRENT_PROJECT_VERSION = 1;
				DEVELOPMENT_ASSET_PATHS = "\"TimeToSow/Resources/Preview Content\"";
				DEVELOPMENT_TEAM = 955DP87LHM;
				ENABLE_PREVIEWS = YES;
				GENERATE_INFOPLIST_FILE = YES;
				INFOPLIST_FILE = TimeToSow/Info.plist;
				INFOPLIST_KEY_UIApplicationSceneManifest_Generation = YES;
				INFOPLIST_KEY_UIApplicationSupportsIndirectInputEvents = YES;
				INFOPLIST_KEY_UILaunchScreen_Generation = YES;
				INFOPLIST_KEY_UISupportedInterfaceOrientations = UIInterfaceOrientationPortrait;
				INFOPLIST_KEY_UISupportedInterfaceOrientations_iPad = "UIInterfaceOrientationLandscapeLeft UIInterfaceOrientationLandscapeRight UIInterfaceOrientationPortrait UIInterfaceOrientationPortraitUpsideDown";
				IPHONEOS_DEPLOYMENT_TARGET = 18.6;
				LD_RUNPATH_SEARCH_PATHS = (
					"$(inherited)",
					"@executable_path/Frameworks",
				);
				MARKETING_VERSION = 1.0;
				PRODUCT_BUNDLE_IDENTIFIER = Nebo.TimeToSow;
				PRODUCT_NAME = "$(TARGET_NAME)";
				SUPPORTED_PLATFORMS = "iphoneos iphonesimulator";
				SUPPORTS_MACCATALYST = NO;
				SUPPORTS_MAC_DESIGNED_FOR_IPHONE_IPAD = NO;
				SUPPORTS_XR_DESIGNED_FOR_IPHONE_IPAD = NO;
				SWIFT_EMIT_LOC_STRINGS = YES;
				SWIFT_VERSION = 5.0;
				TARGETED_DEVICE_FAMILY = 1;
			};
			name = Debug;
		};
		8EF574FC2DCCEEB000AEC31A /* Release */ = {
			isa = XCBuildConfiguration;
			buildSettings = {
				ASSETCATALOG_COMPILER_APPICON_NAME = AppIcon;
				ASSETCATALOG_COMPILER_GLOBAL_ACCENT_COLOR_NAME = AccentColor;
				CODE_SIGN_STYLE = Automatic;
				CURRENT_PROJECT_VERSION = 1;
				DEVELOPMENT_ASSET_PATHS = "\"TimeToSow/Resources/Preview Content\"";
				DEVELOPMENT_TEAM = 955DP87LHM;
				ENABLE_PREVIEWS = YES;
				GENERATE_INFOPLIST_FILE = YES;
				INFOPLIST_FILE = TimeToSow/Info.plist;
				INFOPLIST_KEY_UIApplicationSceneManifest_Generation = YES;
				INFOPLIST_KEY_UIApplicationSupportsIndirectInputEvents = YES;
				INFOPLIST_KEY_UILaunchScreen_Generation = YES;
				INFOPLIST_KEY_UISupportedInterfaceOrientations = UIInterfaceOrientationPortrait;
				INFOPLIST_KEY_UISupportedInterfaceOrientations_iPad = "UIInterfaceOrientationLandscapeLeft UIInterfaceOrientationLandscapeRight UIInterfaceOrientationPortrait UIInterfaceOrientationPortraitUpsideDown";
				IPHONEOS_DEPLOYMENT_TARGET = 18.6;
				LD_RUNPATH_SEARCH_PATHS = (
					"$(inherited)",
					"@executable_path/Frameworks",
				);
				MARKETING_VERSION = 1.0;
				PRODUCT_BUNDLE_IDENTIFIER = Nebo.TimeToSow;
				PRODUCT_NAME = "$(TARGET_NAME)";
				SUPPORTED_PLATFORMS = "iphoneos iphonesimulator";
				SUPPORTS_MACCATALYST = NO;
				SUPPORTS_MAC_DESIGNED_FOR_IPHONE_IPAD = NO;
				SUPPORTS_XR_DESIGNED_FOR_IPHONE_IPAD = NO;
				SWIFT_EMIT_LOC_STRINGS = YES;
				SWIFT_VERSION = 5.0;
				TARGETED_DEVICE_FAMILY = 1;
			};
			name = Release;
		};
/* End XCBuildConfiguration section */

/* Begin XCConfigurationList section */
		8EF574E72DCCEEAE00AEC31A /* Build configuration list for PBXProject "TimeToSow" */ = {
			isa = XCConfigurationList;
			buildConfigurations = (
				8EF574F82DCCEEB000AEC31A /* Debug */,
				8EF574F92DCCEEB000AEC31A /* Release */,
			);
			defaultConfigurationIsVisible = 0;
			defaultConfigurationName = Release;
		};
		8EF574FA2DCCEEB000AEC31A /* Build configuration list for PBXNativeTarget "TimeToSow" */ = {
			isa = XCConfigurationList;
			buildConfigurations = (
				8EF574FB2DCCEEB000AEC31A /* Debug */,
				8EF574FC2DCCEEB000AEC31A /* Release */,
			);
			defaultConfigurationIsVisible = 0;
			defaultConfigurationName = Release;
		};
/* End XCConfigurationList section */

/* Begin XCRemoteSwiftPackageReference section */
		8E6C3E9C2F1137630074CD4E /* XCRemoteSwiftPackageReference "GRDB.swift" */ = {
			isa = XCRemoteSwiftPackageReference;
			repositoryURL = "https://github.com/groue/GRDB.swift.git";
			requirement = {
				branch = master;
				kind = branch;
			};
		};
		8E7EFC742F24049700D10C58 /* XCRemoteSwiftPackageReference "supabase-swift" */ = {
			isa = XCRemoteSwiftPackageReference;
			repositoryURL = "https://github.com/supabase/supabase-swift.git";
			requirement = {
				kind = upToNextMajorVersion;
				minimumVersion = 2.5.1;
			};
		};
		8E941BAF2F21078D002F0B07 /* XCRemoteSwiftPackageReference "SDWebImageSwiftUI" */ = {
			isa = XCRemoteSwiftPackageReference;
			repositoryURL = "https://github.com/SDWebImage/SDWebImageSwiftUI.git";
			requirement = {
				kind = upToNextMajorVersion;
				minimumVersion = 3.1.4;
			};
		};
/* End XCRemoteSwiftPackageReference section */

/* Begin XCSwiftPackageProductDependency section */
		8E6C3E9D2F1137630074CD4E /* GRDB */ = {
			isa = XCSwiftPackageProductDependency;
			package = 8E6C3E9C2F1137630074CD4E /* XCRemoteSwiftPackageReference "GRDB.swift" */;
			productName = GRDB;
		};
		8E7EFC752F24049700D10C58 /* Supabase */ = {
			isa = XCSwiftPackageProductDependency;
			package = 8E7EFC742F24049700D10C58 /* XCRemoteSwiftPackageReference "supabase-swift" */;
			productName = Supabase;
		};
		8E941BB02F21078D002F0B07 /* SDWebImageSwiftUI */ = {
			isa = XCSwiftPackageProductDependency;
			package = 8E941BAF2F21078D002F0B07 /* XCRemoteSwiftPackageReference "SDWebImageSwiftUI" */;
			productName = SDWebImageSwiftUI;
		};
/* End XCSwiftPackageProductDependency section */
	};
	rootObject = 8EF574E42DCCEEAE00AEC31A /* Project object */;
}
